// !$*UTF8*$!
{
	archiveVersion = 1;
	classes = {
	};
	objectVersion = 46;
	objects = {

/* Begin PBXBuildFile section */
		FE80F1401C42904D000AD3FF /* main.m in Sources */ = {isa = PBXBuildFile; fileRef = FE80F13F1C42904D000AD3FF /* main.m */; };
		FE80F1431C42904D000AD3FF /* AppDelegate.m in Sources */ = {isa = PBXBuildFile; fileRef = FE80F1421C42904D000AD3FF /* AppDelegate.m */; };
		FE80F1461C42904D000AD3FF /* ViewController.m in Sources */ = {isa = PBXBuildFile; fileRef = FE80F1451C42904D000AD3FF /* ViewController.m */; };
		FE80F1491C42904D000AD3FF /* Main.storyboard in Resources */ = {isa = PBXBuildFile; fileRef = FE80F1471C42904D000AD3FF /* Main.storyboard */; };
		FE80F14B1C42904D000AD3FF /* Assets.xcassets in Resources */ = {isa = PBXBuildFile; fileRef = FE80F14A1C42904D000AD3FF /* Assets.xcassets */; };
		FE80F14E1C42904D000AD3FF /* LaunchScreen.storyboard in Resources */ = {isa = PBXBuildFile; fileRef = FE80F14C1C42904D000AD3FF /* LaunchScreen.storyboard */; };
		FE80F1591C42904D000AD3FF /* TFSlideViewTests.m in Sources */ = {isa = PBXBuildFile; fileRef = FE80F1581C42904D000AD3FF /* TFSlideViewTests.m */; };
		FE80F1641C42904D000AD3FF /* TFSlideViewUITests.m in Sources */ = {isa = PBXBuildFile; fileRef = FE80F1631C42904D000AD3FF /* TFSlideViewUITests.m */; };
		FE80F1851C429125000AD3FF /* DLLRUCache.m in Sources */ = {isa = PBXBuildFile; fileRef = FE80F1751C429125000AD3FF /* DLLRUCache.m */; };
		FE80F1861C429125000AD3FF /* DLCustomSlideView.m in Sources */ = {isa = PBXBuildFile; fileRef = FE80F1771C429125000AD3FF /* DLCustomSlideView.m */; };
		FE80F1871C429125000AD3FF /* DLSlideView.m in Sources */ = {isa = PBXBuildFile; fileRef = FE80F1791C429125000AD3FF /* DLSlideView.m */; };
		FE80F1881C429125000AD3FF /* DLFixedTabbarView.m in Sources */ = {isa = PBXBuildFile; fileRef = FE80F17C1C429125000AD3FF /* DLFixedTabbarView.m */; };
		FE80F1891C429125000AD3FF /* DLScrollTabbarView.m in Sources */ = {isa = PBXBuildFile; fileRef = FE80F17E1C429125000AD3FF /* DLScrollTabbarView.m */; };
		FE80F18A1C429125000AD3FF /* DLTabedSlideView.m in Sources */ = {isa = PBXBuildFile; fileRef = FE80F1811C429125000AD3FF /* DLTabedSlideView.m */; };
		FE80F18B1C429125000AD3FF /* DLUtility.m in Sources */ = {isa = PBXBuildFile; fileRef = FE80F1831C429125000AD3FF /* DLUtility.m */; };
/* End PBXBuildFile section */

/* Begin PBXContainerItemProxy section */
		FE80F1551C42904D000AD3FF /* PBXContainerItemProxy */ = {
			isa = PBXContainerItemProxy;
			containerPortal = FE80F1331C42904D000AD3FF /* Project object */;
			proxyType = 1;
			remoteGlobalIDString = FE80F13A1C42904D000AD3FF;
			remoteInfo = TFSlideView;
		};
		FE80F1601C42904D000AD3FF /* PBXContainerItemProxy */ = {
			isa = PBXContainerItemProxy;
			containerPortal = FE80F1331C42904D000AD3FF /* Project object */;
			proxyType = 1;
			remoteGlobalIDString = FE80F13A1C42904D000AD3FF;
			remoteInfo = TFSlideView;
		};
/* End PBXContainerItemProxy section */

/* Begin PBXFileReference section */
		FE80F13B1C42904D000AD3FF /* TFSlideView.app */ = {isa = PBXFileReference; explicitFileType = wrapper.application; includeInIndex = 0; path = TFSlideView.app; sourceTree = BUILT_PRODUCTS_DIR; };
		FE80F13F1C42904D000AD3FF /* main.m */ = {isa = PBXFileReference; lastKnownFileType = sourcecode.c.objc; path = main.m; sourceTree = "<group>"; };
		FE80F1411C42904D000AD3FF /* AppDelegate.h */ = {isa = PBXFileReference; lastKnownFileType = sourcecode.c.h; path = AppDelegate.h; sourceTree = "<group>"; };
		FE80F1421C42904D000AD3FF /* AppDelegate.m */ = {isa = PBXFileReference; lastKnownFileType = sourcecode.c.objc; path = AppDelegate.m; sourceTree = "<group>"; };
		FE80F1441C42904D000AD3FF /* ViewController.h */ = {isa = PBXFileReference; lastKnownFileType = sourcecode.c.h; path = ViewController.h; sourceTree = "<group>"; };
		FE80F1451C42904D000AD3FF /* ViewController.m */ = {isa = PBXFileReference; lastKnownFileType = sourcecode.c.objc; path = ViewController.m; sourceTree = "<group>"; };
		FE80F1481C42904D000AD3FF /* Base */ = {isa = PBXFileReference; lastKnownFileType = file.storyboard; name = Base; path = Base.lproj/Main.storyboard; sourceTree = "<group>"; };
		FE80F14A1C42904D000AD3FF /* Assets.xcassets */ = {isa = PBXFileReference; lastKnownFileType = folder.assetcatalog; path = Assets.xcassets; sourceTree = "<group>"; };
		FE80F14D1C42904D000AD3FF /* Base */ = {isa = PBXFileReference; lastKnownFileType = file.storyboard; name = Base; path = Base.lproj/LaunchScreen.storyboard; sourceTree = "<group>"; };
		FE80F14F1C42904D000AD3FF /* Info.plist */ = {isa = PBXFileReference; lastKnownFileType = text.plist.xml; path = Info.plist; sourceTree = "<group>"; };
		FE80F1541C42904D000AD3FF /* TFSlideViewTests.xctest */ = {isa = PBXFileReference; explicitFileType = wrapper.cfbundle; includeInIndex = 0; path = TFSlideViewTests.xctest; sourceTree = BUILT_PRODUCTS_DIR; };
		FE80F1581C42904D000AD3FF /* TFSlideViewTests.m */ = {isa = PBXFileReference; lastKnownFileType = sourcecode.c.objc; path = TFSlideViewTests.m; sourceTree = "<group>"; };
		FE80F15A1C42904D000AD3FF /* Info.plist */ = {isa = PBXFileReference; lastKnownFileType = text.plist.xml; path = Info.plist; sourceTree = "<group>"; };
		FE80F15F1C42904D000AD3FF /* TFSlideViewUITests.xctest */ = {isa = PBXFileReference; explicitFileType = wrapper.cfbundle; includeInIndex = 0; path = TFSlideViewUITests.xctest; sourceTree = BUILT_PRODUCTS_DIR; };
		FE80F1631C42904D000AD3FF /* TFSlideViewUITests.m */ = {isa = PBXFileReference; lastKnownFileType = sourcecode.c.objc; path = TFSlideViewUITests.m; sourceTree = "<group>"; };
		FE80F1651C42904D000AD3FF /* Info.plist */ = {isa = PBXFileReference; lastKnownFileType = text.plist.xml; path = Info.plist; sourceTree = "<group>"; };
		FE80F1731C429125000AD3FF /* DLCacheProtocol.h */ = {isa = PBXFileReference; fileEncoding = 4; lastKnownFileType = sourcecode.c.h; path = DLCacheProtocol.h; sourceTree = "<group>"; };
		FE80F1741C429125000AD3FF /* DLLRUCache.h */ = {isa = PBXFileReference; fileEncoding = 4; lastKnownFileType = sourcecode.c.h; path = DLLRUCache.h; sourceTree = "<group>"; };
		FE80F1751C429125000AD3FF /* DLLRUCache.m */ = {isa = PBXFileReference; fileEncoding = 4; lastKnownFileType = sourcecode.c.objc; path = DLLRUCache.m; sourceTree = "<group>"; };
		FE80F1761C429125000AD3FF /* DLCustomSlideView.h */ = {isa = PBXFileReference; fileEncoding = 4; lastKnownFileType = sourcecode.c.h; path = DLCustomSlideView.h; sourceTree = "<group>"; };
		FE80F1771C429125000AD3FF /* DLCustomSlideView.m */ = {isa = PBXFileReference; fileEncoding = 4; lastKnownFileType = sourcecode.c.objc; path = DLCustomSlideView.m; sourceTree = "<group>"; };
		FE80F1781C429125000AD3FF /* DLSlideView.h */ = {isa = PBXFileReference; fileEncoding = 4; lastKnownFileType = sourcecode.c.h; path = DLSlideView.h; sourceTree = "<group>"; };
		FE80F1791C429125000AD3FF /* DLSlideView.m */ = {isa = PBXFileReference; fileEncoding = 4; lastKnownFileType = sourcecode.c.objc; path = DLSlideView.m; sourceTree = "<group>"; };
		FE80F17B1C429125000AD3FF /* DLFixedTabbarView.h */ = {isa = PBXFileReference; fileEncoding = 4; lastKnownFileType = sourcecode.c.h; path = DLFixedTabbarView.h; sourceTree = "<group>"; };
		FE80F17C1C429125000AD3FF /* DLFixedTabbarView.m */ = {isa = PBXFileReference; fileEncoding = 4; lastKnownFileType = sourcecode.c.objc; path = DLFixedTabbarView.m; sourceTree = "<group>"; };
		FE80F17D1C429125000AD3FF /* DLScrollTabbarView.h */ = {isa = PBXFileReference; fileEncoding = 4; lastKnownFileType = sourcecode.c.h; path = DLScrollTabbarView.h; sourceTree = "<group>"; };
		FE80F17E1C429125000AD3FF /* DLScrollTabbarView.m */ = {isa = PBXFileReference; fileEncoding = 4; lastKnownFileType = sourcecode.c.objc; path = DLScrollTabbarView.m; sourceTree = "<group>"; };
		FE80F17F1C429125000AD3FF /* DLSlideTabbarProtocol.h */ = {isa = PBXFileReference; fileEncoding = 4; lastKnownFileType = sourcecode.c.h; path = DLSlideTabbarProtocol.h; sourceTree = "<group>"; };
		FE80F1801C429125000AD3FF /* DLTabedSlideView.h */ = {isa = PBXFileReference; fileEncoding = 4; lastKnownFileType = sourcecode.c.h; path = DLTabedSlideView.h; sourceTree = "<group>"; };
		FE80F1811C429125000AD3FF /* DLTabedSlideView.m */ = {isa = PBXFileReference; fileEncoding = 4; lastKnownFileType = sourcecode.c.objc; path = DLTabedSlideView.m; sourceTree = "<group>"; };
		FE80F1821C429125000AD3FF /* DLUtility.h */ = {isa = PBXFileReference; fileEncoding = 4; lastKnownFileType = sourcecode.c.h; path = DLUtility.h; sourceTree = "<group>"; };
		FE80F1831C429125000AD3FF /* DLUtility.m */ = {isa = PBXFileReference; fileEncoding = 4; lastKnownFileType = sourcecode.c.objc; path = DLUtility.m; sourceTree = "<group>"; };
/* End PBXFileReference section */

/* Begin PBXFrameworksBuildPhase section */
		FE80F1381C42904D000AD3FF /* Frameworks */ = {
			isa = PBXFrameworksBuildPhase;
			buildActionMask = 2147483647;
			files = (
			);
			runOnlyForDeploymentPostprocessing = 0;
		};
		FE80F1511C42904D000AD3FF /* Frameworks */ = {
			isa = PBXFrameworksBuildPhase;
			buildActionMask = 2147483647;
			files = (
			);
			runOnlyForDeploymentPostprocessing = 0;
		};
		FE80F15C1C42904D000AD3FF /* Frameworks */ = {
			isa = PBXFrameworksBuildPhase;
			buildActionMask = 2147483647;
			files = (
			);
			runOnlyForDeploymentPostprocessing = 0;
		};
/* End PBXFrameworksBuildPhase section */

/* Begin PBXGroup section */
		FE80F1321C42904D000AD3FF = {
			isa = PBXGroup;
			children = (
				FE80F13D1C42904D000AD3FF /* TFSlideView */,
				FE80F1571C42904D000AD3FF /* TFSlideViewTests */,
				FE80F1621C42904D000AD3FF /* TFSlideViewUITests */,
				FE80F13C1C42904D000AD3FF /* Products */,
			);
			sourceTree = "<group>";
		};
		FE80F13C1C42904D000AD3FF /* Products */ = {
			isa = PBXGroup;
			children = (
				FE80F13B1C42904D000AD3FF /* TFSlideView.app */,
				FE80F1541C42904D000AD3FF /* TFSlideViewTests.xctest */,
				FE80F15F1C42904D000AD3FF /* TFSlideViewUITests.xctest */,
			);
			name = Products;
			sourceTree = "<group>";
		};
		FE80F13D1C42904D000AD3FF /* TFSlideView */ = {
			isa = PBXGroup;
			children = (
				FE80F1711C429125000AD3FF /* DLSlideView */,
				FE80F1841C429125000AD3FF /* TFSlideView */,
				FE80F1411C42904D000AD3FF /* AppDelegate.h */,
				FE80F1421C42904D000AD3FF /* AppDelegate.m */,
				FE80F1441C42904D000AD3FF /* ViewController.h */,
				FE80F1451C42904D000AD3FF /* ViewController.m */,
				FE80F1471C42904D000AD3FF /* Main.storyboard */,
				FE80F14A1C42904D000AD3FF /* Assets.xcassets */,
				FE80F13E1C42904D000AD3FF /* Supporting Files */,
			);
			path = TFSlideView;
			sourceTree = "<group>";
		};
		FE80F13E1C42904D000AD3FF /* Supporting Files */ = {
			isa = PBXGroup;
			children = (
				FE80F14C1C42904D000AD3FF /* LaunchScreen.storyboard */,
				FE80F14F1C42904D000AD3FF /* Info.plist */,
				FE80F13F1C42904D000AD3FF /* main.m */,
			);
			name = "Supporting Files";
			sourceTree = "<group>";
		};
		FE80F1571C42904D000AD3FF /* TFSlideViewTests */ = {
			isa = PBXGroup;
			children = (
				FE80F1581C42904D000AD3FF /* TFSlideViewTests.m */,
				FE80F15A1C42904D000AD3FF /* Info.plist */,
			);
			path = TFSlideViewTests;
			sourceTree = "<group>";
		};
		FE80F1621C42904D000AD3FF /* TFSlideViewUITests */ = {
			isa = PBXGroup;
			children = (
				FE80F1631C42904D000AD3FF /* TFSlideViewUITests.m */,
				FE80F1651C42904D000AD3FF /* Info.plist */,
			);
			path = TFSlideViewUITests;
			sourceTree = "<group>";
		};
		FE80F1711C429125000AD3FF /* DLSlideView */ = {
			isa = PBXGroup;
			children = (
				FE80F1721C429125000AD3FF /* DLCache */,
				FE80F1761C429125000AD3FF /* DLCustomSlideView.h */,
				FE80F1771C429125000AD3FF /* DLCustomSlideView.m */,
				FE80F1781C429125000AD3FF /* DLSlideView.h */,
				FE80F1791C429125000AD3FF /* DLSlideView.m */,
				FE80F17A1C429125000AD3FF /* DLTabbarView */,
				FE80F1801C429125000AD3FF /* DLTabedSlideView.h */,
				FE80F1811C429125000AD3FF /* DLTabedSlideView.m */,
				FE80F1821C429125000AD3FF /* DLUtility.h */,
				FE80F1831C429125000AD3FF /* DLUtility.m */,
			);
			path = DLSlideView;
			sourceTree = "<group>";
		};
		FE80F1721C429125000AD3FF /* DLCache */ = {
			isa = PBXGroup;
			children = (
				FE80F1731C429125000AD3FF /* DLCacheProtocol.h */,
				FE80F1741C429125000AD3FF /* DLLRUCache.h */,
				FE80F1751C429125000AD3FF /* DLLRUCache.m */,
			);
			path = DLCache;
			sourceTree = "<group>";
		};
		FE80F17A1C429125000AD3FF /* DLTabbarView */ = {
			isa = PBXGroup;
			children = (
				FE80F17B1C429125000AD3FF /* DLFixedTabbarView.h */,
				FE80F17C1C429125000AD3FF /* DLFixedTabbarView.m */,
				FE80F17D1C429125000AD3FF /* DLScrollTabbarView.h */,
				FE80F17E1C429125000AD3FF /* DLScrollTabbarView.m */,
				FE80F17F1C429125000AD3FF /* DLSlideTabbarProtocol.h */,
			);
			path = DLTabbarView;
			sourceTree = "<group>";
		};
		FE80F1841C429125000AD3FF /* TFSlideView */ = {
			isa = PBXGroup;
			children = (
			);
			path = TFSlideView;
			sourceTree = "<group>";
		};
/* End PBXGroup section */

/* Begin PBXNativeTarget section */
		FE80F13A1C42904D000AD3FF /* TFSlideView */ = {
			isa = PBXNativeTarget;
			buildConfigurationList = FE80F1681C42904D000AD3FF /* Build configuration list for PBXNativeTarget "TFSlideView" */;
			buildPhases = (
				FE80F1371C42904D000AD3FF /* Sources */,
				FE80F1381C42904D000AD3FF /* Frameworks */,
				FE80F1391C42904D000AD3FF /* Resources */,
			);
			buildRules = (
			);
			dependencies = (
			);
			name = TFSlideView;
			productName = TFSlideView;
			productReference = FE80F13B1C42904D000AD3FF /* TFSlideView.app */;
			productType = "com.apple.product-type.application";
		};
		FE80F1531C42904D000AD3FF /* TFSlideViewTests */ = {
			isa = PBXNativeTarget;
			buildConfigurationList = FE80F16B1C42904D000AD3FF /* Build configuration list for PBXNativeTarget "TFSlideViewTests" */;
			buildPhases = (
				FE80F1501C42904D000AD3FF /* Sources */,
				FE80F1511C42904D000AD3FF /* Frameworks */,
				FE80F1521C42904D000AD3FF /* Resources */,
			);
			buildRules = (
			);
			dependencies = (
				FE80F1561C42904D000AD3FF /* PBXTargetDependency */,
			);
			name = TFSlideViewTests;
			productName = TFSlideViewTests;
			productReference = FE80F1541C42904D000AD3FF /* TFSlideViewTests.xctest */;
			productType = "com.apple.product-type.bundle.unit-test";
		};
		FE80F15E1C42904D000AD3FF /* TFSlideViewUITests */ = {
			isa = PBXNativeTarget;
			buildConfigurationList = FE80F16E1C42904D000AD3FF /* Build configuration list for PBXNativeTarget "TFSlideViewUITests" */;
			buildPhases = (
				FE80F15B1C42904D000AD3FF /* Sources */,
				FE80F15C1C42904D000AD3FF /* Frameworks */,
				FE80F15D1C42904D000AD3FF /* Resources */,
			);
			buildRules = (
			);
			dependencies = (
				FE80F1611C42904D000AD3FF /* PBXTargetDependency */,
			);
			name = TFSlideViewUITests;
			productName = TFSlideViewUITests;
			productReference = FE80F15F1C42904D000AD3FF /* TFSlideViewUITests.xctest */;
			productType = "com.apple.product-type.bundle.ui-testing";
		};
/* End PBXNativeTarget section */

/* Begin PBXProject section */
		FE80F1331C42904D000AD3FF /* Project object */ = {
			isa = PBXProject;
			attributes = {
				LastUpgradeCheck = 0720;
				ORGANIZATIONNAME = tengfei;
				TargetAttributes = {
					FE80F13A1C42904D000AD3FF = {
						CreatedOnToolsVersion = 7.2;
					};
					FE80F1531C42904D000AD3FF = {
						CreatedOnToolsVersion = 7.2;
						TestTargetID = FE80F13A1C42904D000AD3FF;
					};
					FE80F15E1C42904D000AD3FF = {
						CreatedOnToolsVersion = 7.2;
						TestTargetID = FE80F13A1C42904D000AD3FF;
					};
				};
			};
			buildConfigurationList = FE80F1361C42904D000AD3FF /* Build configuration list for PBXProject "TFSlideView" */;
			compatibilityVersion = "Xcode 3.2";
			developmentRegion = English;
			hasScannedForEncodings = 0;
			knownRegions = (
				en,
				Base,
			);
			mainGroup = FE80F1321C42904D000AD3FF;
			productRefGroup = FE80F13C1C42904D000AD3FF /* Products */;
			projectDirPath = "";
			projectRoot = "";
			targets = (
				FE80F13A1C42904D000AD3FF /* TFSlideView */,
				FE80F1531C42904D000AD3FF /* TFSlideViewTests */,
				FE80F15E1C42904D000AD3FF /* TFSlideViewUITests */,
			);
		};
/* End PBXProject section */

/* Begin PBXResourcesBuildPhase section */
		FE80F1391C42904D000AD3FF /* Resources */ = {
			isa = PBXResourcesBuildPhase;
			buildActionMask = 2147483647;
			files = (
				FE80F14E1C42904D000AD3FF /* LaunchScreen.storyboard in Resources */,
				FE80F14B1C42904D000AD3FF /* Assets.xcassets in Resources */,
				FE80F1491C42904D000AD3FF /* Main.storyboard in Resources */,
			);
			runOnlyForDeploymentPostprocessing = 0;
		};
		FE80F1521C42904D000AD3FF /* Resources */ = {
			isa = PBXResourcesBuildPhase;
			buildActionMask = 2147483647;
			files = (
			);
			runOnlyForDeploymentPostprocessing = 0;
		};
		FE80F15D1C42904D000AD3FF /* Resources */ = {
			isa = PBXResourcesBuildPhase;
			buildActionMask = 2147483647;
			files = (
			);
			runOnlyForDeploymentPostprocessing = 0;
		};
/* End PBXResourcesBuildPhase section */

/* Begin PBXSourcesBuildPhase section */
		FE80F1371C42904D000AD3FF /* Sources */ = {
			isa = PBXSourcesBuildPhase;
			buildActionMask = 2147483647;
			files = (
				FE80F18A1C429125000AD3FF /* DLTabedSlideView.m in Sources */,
				FE80F1461C42904D000AD3FF /* ViewController.m in Sources */,
				FE80F1431C42904D000AD3FF /* AppDelegate.m in Sources */,
				FE80F1861C429125000AD3FF /* DLCustomSlideView.m in Sources */,
				FE80F18B1C429125000AD3FF /* DLUtility.m in Sources */,
				FE80F1851C429125000AD3FF /* DLLRUCache.m in Sources */,
				FE80F1871C429125000AD3FF /* DLSlideView.m in Sources */,
				FE80F1891C429125000AD3FF /* DLScrollTabbarView.m in Sources */,
				FE80F1401C42904D000AD3FF /* main.m in Sources */,
				FE80F1881C429125000AD3FF /* DLFixedTabbarView.m in Sources */,
			);
			runOnlyForDeploymentPostprocessing = 0;
		};
		FE80F1501C42904D000AD3FF /* Sources */ = {
			isa = PBXSourcesBuildPhase;
			buildActionMask = 2147483647;
			files = (
				FE80F1591C42904D000AD3FF /* TFSlideViewTests.m in Sources */,
			);
			runOnlyForDeploymentPostprocessing = 0;
		};
		FE80F15B1C42904D000AD3FF /* Sources */ = {
			isa = PBXSourcesBuildPhase;
			buildActionMask = 2147483647;
			files = (
				FE80F1641C42904D000AD3FF /* TFSlideViewUITests.m in Sources */,
			);
			runOnlyForDeploymentPostprocessing = 0;
		};
/* End PBXSourcesBuildPhase section */

/* Begin PBXTargetDependency section */
		FE80F1561C42904D000AD3FF /* PBXTargetDependency */ = {
			isa = PBXTargetDependency;
			target = FE80F13A1C42904D000AD3FF /* TFSlideView */;
			targetProxy = FE80F1551C42904D000AD3FF /* PBXContainerItemProxy */;
		};
		FE80F1611C42904D000AD3FF /* PBXTargetDependency */ = {
			isa = PBXTargetDependency;
			target = FE80F13A1C42904D000AD3FF /* TFSlideView */;
			targetProxy = FE80F1601C42904D000AD3FF /* PBXContainerItemProxy */;
		};
/* End PBXTargetDependency section */

/* Begin PBXVariantGroup section */
		FE80F1471C42904D000AD3FF /* Main.storyboard */ = {
			isa = PBXVariantGroup;
			children = (
				FE80F1481C42904D000AD3FF /* Base */,
			);
			name = Main.storyboard;
			sourceTree = "<group>";
		};
		FE80F14C1C42904D000AD3FF /* LaunchScreen.storyboard */ = {
			isa = PBXVariantGroup;
			children = (
				FE80F14D1C42904D000AD3FF /* Base */,
			);
			name = LaunchScreen.storyboard;
			sourceTree = "<group>";
		};
/* End PBXVariantGroup section */

/* Begin XCBuildConfiguration section */
		FE80F1661C42904D000AD3FF /* Debug */ = {
			isa = XCBuildConfiguration;
			buildSettings = {
				ALWAYS_SEARCH_USER_PATHS = NO;
				CLANG_CXX_LANGUAGE_STANDARD = "gnu++0x";
				CLANG_CXX_LIBRARY = "libc++";
				CLANG_ENABLE_MODULES = YES;
				CLANG_ENABLE_OBJC_ARC = YES;
				CLANG_WARN_BOOL_CONVERSION = YES;
				CLANG_WARN_CONSTANT_CONVERSION = YES;
				CLANG_WARN_DIRECT_OBJC_ISA_USAGE = YES_ERROR;
				CLANG_WARN_EMPTY_BODY = YES;
				CLANG_WARN_ENUM_CONVERSION = YES;
				CLANG_WARN_INT_CONVERSION = YES;
				CLANG_WARN_OBJC_ROOT_CLASS = YES_ERROR;
				CLANG_WARN_UNREACHABLE_CODE = YES;
				CLANG_WARN__DUPLICATE_METHOD_MATCH = YES;
				"CODE_SIGN_IDENTITY[sdk=iphoneos*]" = "iPhone Developer";
				COPY_PHASE_STRIP = NO;
				DEBUG_INFORMATION_FORMAT = dwarf;
				ENABLE_STRICT_OBJC_MSGSEND = YES;
				ENABLE_TESTABILITY = YES;
				GCC_C_LANGUAGE_STANDARD = gnu99;
				GCC_DYNAMIC_NO_PIC = NO;
				GCC_NO_COMMON_BLOCKS = YES;
				GCC_OPTIMIZATION_LEVEL = 0;
				GCC_PREPROCESSOR_DEFINITIONS = (
					"DEBUG=1",
					"$(inherited)",
				);
				GCC_WARN_64_TO_32_BIT_CONVERSION = YES;
				GCC_WARN_ABOUT_RETURN_TYPE = YES_ERROR;
				GCC_WARN_UNDECLARED_SELECTOR = YES;
				GCC_WARN_UNINITIALIZED_AUTOS = YES_AGGRESSIVE;
				GCC_WARN_UNUSED_FUNCTION = YES;
				GCC_WARN_UNUSED_VARIABLE = YES;
				IPHONEOS_DEPLOYMENT_TARGET = 9.2;
				MTL_ENABLE_DEBUG_INFO = YES;
				ONLY_ACTIVE_ARCH = YES;
				SDKROOT = iphoneos;
				TARGETED_DEVICE_FAMILY = 2;
			};
			name = Debug;
		};
		FE80F1671C42904D000AD3FF /* Release */ = {
			isa = XCBuildConfiguration;
			buildSettings = {
				ALWAYS_SEARCH_USER_PATHS = NO;
				CLANG_CXX_LANGUAGE_STANDARD = "gnu++0x";
				CLANG_CXX_LIBRARY = "libc++";
				CLANG_ENABLE_MODULES = YES;
				CLANG_ENABLE_OBJC_ARC = YES;
				CLANG_WARN_BOOL_CONVERSION = YES;
				CLANG_WARN_CONSTANT_CONVERSION = YES;
				CLANG_WARN_DIRECT_OBJC_ISA_USAGE = YES_ERROR;
				CLANG_WARN_EMPTY_BODY = YES;
				CLANG_WARN_ENUM_CONVERSION = YES;
				CLANG_WARN_INT_CONVERSION = YES;
				CLANG_WARN_OBJC_ROOT_CLASS = YES_ERROR;
				CLANG_WARN_UNREACHABLE_CODE = YES;
				CLANG_WARN__DUPLICATE_METHOD_MATCH = YES;
				"CODE_SIGN_IDENTITY[sdk=iphoneos*]" = "iPhone Developer";
				COPY_PHASE_STRIP = NO;
				DEBUG_INFORMATION_FORMAT = "dwarf-with-dsym";
				ENABLE_NS_ASSERTIONS = NO;
				ENABLE_STRICT_OBJC_MSGSEND = YES;
				GCC_C_LANGUAGE_STANDARD = gnu99;
				GCC_NO_COMMON_BLOCKS = YES;
				GCC_WARN_64_TO_32_BIT_CONVERSION = YES;
				GCC_WARN_ABOUT_RETURN_TYPE = YES_ERROR;
				GCC_WARN_UNDECLARED_SELECTOR = YES;
				GCC_WARN_UNINITIALIZED_AUTOS = YES_AGGRESSIVE;
				GCC_WARN_UNUSED_FUNCTION = YES;
				GCC_WARN_UNUSED_VARIABLE = YES;
				IPHONEOS_DEPLOYMENT_TARGET = 9.2;
				MTL_ENABLE_DEBUG_INFO = NO;
				SDKROOT = iphoneos;
				TARGETED_DEVICE_FAMILY = 2;
				VALIDATE_PRODUCT = YES;
			};
			name = Release;
		};
		FE80F1691C42904D000AD3FF /* Debug */ = {
			isa = XCBuildConfiguration;
			buildSettings = {
				ASSETCATALOG_COMPILER_APPICON_NAME = AppIcon;
				INFOPLIST_FILE = TFSlideView/Info.plist;
				IPHONEOS_DEPLOYMENT_TARGET = 7.0;
				LD_RUNPATH_SEARCH_PATHS = "$(inherited) @executable_path/Frameworks";
				PRODUCT_BUNDLE_IDENTIFIER = com.ftf.slideview.TFSlideView;
				PRODUCT_NAME = "$(TARGET_NAME)";
				TARGETED_DEVICE_FAMILY = "1,2";
			};
			name = Debug;
		};
		FE80F16A1C42904D000AD3FF /* Release */ = {
			isa = XCBuildConfiguration;
			buildSettings = {
				ASSETCATALOG_COMPILER_APPICON_NAME = AppIcon;
				INFOPLIST_FILE = TFSlideView/Info.plist;
				IPHONEOS_DEPLOYMENT_TARGET = 7.0;
				LD_RUNPATH_SEARCH_PATHS = "$(inherited) @executable_path/Frameworks";
				PRODUCT_BUNDLE_IDENTIFIER = com.ftf.slideview.TFSlideView;
				PRODUCT_NAME = "$(TARGET_NAME)";
				TARGETED_DEVICE_FAMILY = "1,2";
			};
			name = Release;
		};
		FE80F16C1C42904D000AD3FF /* Debug */ = {
			isa = XCBuildConfiguration;
			buildSettings = {
				BUNDLE_LOADER = "$(TEST_HOST)";
				INFOPLIST_FILE = TFSlideViewTests/Info.plist;
				LD_RUNPATH_SEARCH_PATHS = "$(inherited) @executable_path/Frameworks @loader_path/Frameworks";
				PRODUCT_BUNDLE_IDENTIFIER = com.ftf.slideview.TFSlideViewTests;
				PRODUCT_NAME = "$(TARGET_NAME)";
				TEST_HOST = "$(BUILT_PRODUCTS_DIR)/TFSlideView.app/TFSlideView";
			};
			name = Debug;
		};
		FE80F16D1C42904D000AD3FF /* Release */ = {
			isa = XCBuildConfiguration;
			buildSettings = {
				BUNDLE_LOADER = "$(TEST_HOST)";
				INFOPLIST_FILE = TFSlideViewTests/Info.plist;
				LD_RUNPATH_SEARCH_PATHS = "$(inherited) @executable_path/Frameworks @loader_path/Frameworks";
				PRODUCT_BUNDLE_IDENTIFIER = com.ftf.slideview.TFSlideViewTests;
				PRODUCT_NAME = "$(TARGET_NAME)";
				TEST_HOST = "$(BUILT_PRODUCTS_DIR)/TFSlideView.app/TFSlideView";
			};
			name = Release;
		};
		FE80F16F1C42904D000AD3FF /* Debug */ = {
			isa = XCBuildConfiguration;
			buildSettings = {
				INFOPLIST_FILE = TFSlideViewUITests/Info.plist;
				LD_RUNPATH_SEARCH_PATHS = "$(inherited) @executable_path/Frameworks @loader_path/Frameworks";
				PRODUCT_BUNDLE_IDENTIFIER = com.ftf.slideview.TFSlideViewUITests;
				PRODUCT_NAME = "$(TARGET_NAME)";
				TEST_TARGET_NAME = TFSlideView;
				USES_XCTRUNNER = YES;
			};
			name = Debug;
		};
		FE80F1701C42904D000AD3FF /* Release */ = {
			isa = XCBuildConfiguration;
			buildSettings = {
				INFOPLIST_FILE = TFSlideViewUITests/Info.plist;
				LD_RUNPATH_SEARCH_PATHS = "$(inherited) @executable_path/Frameworks @loader_path/Frameworks";
				PRODUCT_BUNDLE_IDENTIFIER = com.ftf.slideview.TFSlideViewUITests;
				PRODUCT_NAME = "$(TARGET_NAME)";
				TEST_TARGET_NAME = TFSlideView;
				USES_XCTRUNNER = YES;
			};
			name = Release;
		};
/* End XCBuildConfiguration section */

/* Begin XCConfigurationList section */
		FE80F1361C42904D000AD3FF /* Build configuration list for PBXProject "TFSlideView" */ = {
			isa = XCConfigurationList;
			buildConfigurations = (
				FE80F1661C42904D000AD3FF /* Debug */,
				FE80F1671C42904D000AD3FF /* Release */,
			);
			defaultConfigurationIsVisible = 0;
			defaultConfigurationName = Release;
		};
		FE80F1681C42904D000AD3FF /* Build configuration list for PBXNativeTarget "TFSlideView" */ = {
			isa = XCConfigurationList;
			buildConfigurations = (
				FE80F1691C42904D000AD3FF /* Debug */,
				FE80F16A1C42904D000AD3FF /* Release */,
			);
			defaultConfigurationIsVisible = 0;
			defaultConfigurationName = Release;
		};
		FE80F16B1C42904D000AD3FF /* Build configuration list for PBXNativeTarget "TFSlideViewTests" */ = {
			isa = XCConfigurationList;
			buildConfigurations = (
				FE80F16C1C42904D000AD3FF /* Debug */,
				FE80F16D1C42904D000AD3FF /* Release */,
			);
			defaultConfigurationIsVisible = 0;
			defaultConfigurationName = Release;
		};
		FE80F16E1C42904D000AD3FF /* Build configuration list for PBXNativeTarget "TFSlideViewUITests" */ = {
			isa = XCConfigurationList;
			buildConfigurations = (
				FE80F16F1C42904D000AD3FF /* Debug */,
				FE80F1701C42904D000AD3FF /* Release */,
			);
			defaultConfigurationIsVisible = 0;
			defaultConfigurationName = Release;
		};
/* End XCConfigurationList section */
	};
	rootObject = FE80F1331C42904D000AD3FF /* Project object */;
}
