// !$*UTF8*$!
{
	archiveVersion = 1;
	classes = {
	};
	objectVersion = 46;
	objects = {

/* Begin PBXBuildFile section */
		892F49C51CB6063F002126E3 /* DLDemoViewController.m in Sources */ = {isa = PBXBuildFile; fileRef = 892F49C41CB6063F002126E3 /* DLDemoViewController.m */; };
		892F49C81CB607D2002126E3 /* TFTabedSlideView.m in Sources */ = {isa = PBXBuildFile; fileRef = 892F49C71CB607D2002126E3 /* TFTabedSlideView.m */; };
		892F49CB1CB60A38002126E3 /* TFFixedTabbarView.m in Sources */ = {isa = PBXBuildFile; fileRef = 892F49CA1CB60A38002126E3 /* TFFixedTabbarView.m */; };
		FE391E5C1CAAC3B8004C8FA7 /* main.m in Sources */ = {isa = PBXBuildFile; fileRef = FE391E5B1CAAC3B8004C8FA7 /* main.m */; };
		FE391E5F1CAAC3B8004C8FA7 /* AppDelegate.m in Sources */ = {isa = PBXBuildFile; fileRef = FE391E5E1CAAC3B8004C8FA7 /* AppDelegate.m */; };
		FE391E621CAAC3B8004C8FA7 /* ViewController.m in Sources */ = {isa = PBXBuildFile; fileRef = FE391E611CAAC3B8004C8FA7 /* ViewController.m */; };
		FE391E651CAAC3B8004C8FA7 /* Main.storyboard in Resources */ = {isa = PBXBuildFile; fileRef = FE391E631CAAC3B8004C8FA7 /* Main.storyboard */; };
		FE391E671CAAC3B8004C8FA7 /* Assets.xcassets in Resources */ = {isa = PBXBuildFile; fileRef = FE391E661CAAC3B8004C8FA7 /* Assets.xcassets */; };
		FE391E6A1CAAC3B8004C8FA7 /* LaunchScreen.storyboard in Resources */ = {isa = PBXBuildFile; fileRef = FE391E681CAAC3B8004C8FA7 /* LaunchScreen.storyboard */; };
		FE391E751CAAC3B8004C8FA7 /* TFSlideView_OCTests.m in Sources */ = {isa = PBXBuildFile; fileRef = FE391E741CAAC3B8004C8FA7 /* TFSlideView_OCTests.m */; };
		FE391E801CAAC3B9004C8FA7 /* TFSlideView_OCUITests.m in Sources */ = {isa = PBXBuildFile; fileRef = FE391E7F1CAAC3B9004C8FA7 /* TFSlideView_OCUITests.m */; };
		FE391EA11CAAC3F6004C8FA7 /* DLLRUCache.m in Sources */ = {isa = PBXBuildFile; fileRef = FE391E911CAAC3F6004C8FA7 /* DLLRUCache.m */; };
		FE391EA21CAAC3F6004C8FA7 /* DLCustomSlideView.m in Sources */ = {isa = PBXBuildFile; fileRef = FE391E931CAAC3F6004C8FA7 /* DLCustomSlideView.m */; };
		FE391EA31CAAC3F6004C8FA7 /* DLSlideView.m in Sources */ = {isa = PBXBuildFile; fileRef = FE391E951CAAC3F6004C8FA7 /* DLSlideView.m */; };
		FE391EA41CAAC3F6004C8FA7 /* DLFixedTabbarView.m in Sources */ = {isa = PBXBuildFile; fileRef = FE391E981CAAC3F6004C8FA7 /* DLFixedTabbarView.m */; };
		FE391EA51CAAC3F6004C8FA7 /* DLScrollTabbarView.m in Sources */ = {isa = PBXBuildFile; fileRef = FE391E9A1CAAC3F6004C8FA7 /* DLScrollTabbarView.m */; };
		FE391EA61CAAC3F6004C8FA7 /* DLTabedSlideView.m in Sources */ = {isa = PBXBuildFile; fileRef = FE391E9D1CAAC3F6004C8FA7 /* DLTabedSlideView.m */; };
		FE391EA71CAAC3F6004C8FA7 /* DLUtility.m in Sources */ = {isa = PBXBuildFile; fileRef = FE391E9F1CAAC3F6004C8FA7 /* DLUtility.m */; };
/* End PBXBuildFile section */

/* Begin PBXContainerItemProxy section */
		FE391E711CAAC3B8004C8FA7 /* PBXContainerItemProxy */ = {
			isa = PBXContainerItemProxy;
			containerPortal = FE391E4F1CAAC3B8004C8FA7 /* Project object */;
			proxyType = 1;
			remoteGlobalIDString = FE391E561CAAC3B8004C8FA7;
			remoteInfo = TFSlideView_OC;
		};
		FE391E7C1CAAC3B9004C8FA7 /* PBXContainerItemProxy */ = {
			isa = PBXContainerItemProxy;
			containerPortal = FE391E4F1CAAC3B8004C8FA7 /* Project object */;
			proxyType = 1;
			remoteGlobalIDString = FE391E561CAAC3B8004C8FA7;
			remoteInfo = TFSlideView_OC;
		};
/* End PBXContainerItemProxy section */

/* Begin PBXFileReference section */
		892F49C31CB6063F002126E3 /* DLDemoViewController.h */ = {isa = PBXFileReference; fileEncoding = 4; lastKnownFileType = sourcecode.c.h; path = DLDemoViewController.h; sourceTree = "<group>"; };
		892F49C41CB6063F002126E3 /* DLDemoViewController.m */ = {isa = PBXFileReference; fileEncoding = 4; lastKnownFileType = sourcecode.c.objc; path = DLDemoViewController.m; sourceTree = "<group>"; };
		892F49C61CB607D2002126E3 /* TFTabedSlideView.h */ = {isa = PBXFileReference; fileEncoding = 4; lastKnownFileType = sourcecode.c.h; path = TFTabedSlideView.h; sourceTree = "<group>"; };
		892F49C71CB607D2002126E3 /* TFTabedSlideView.m */ = {isa = PBXFileReference; fileEncoding = 4; lastKnownFileType = sourcecode.c.objc; path = TFTabedSlideView.m; sourceTree = "<group>"; };
		892F49C91CB60A38002126E3 /* TFFixedTabbarView.h */ = {isa = PBXFileReference; fileEncoding = 4; lastKnownFileType = sourcecode.c.h; path = TFFixedTabbarView.h; sourceTree = "<group>"; };
		892F49CA1CB60A38002126E3 /* TFFixedTabbarView.m */ = {isa = PBXFileReference; fileEncoding = 4; lastKnownFileType = sourcecode.c.objc; path = TFFixedTabbarView.m; sourceTree = "<group>"; };
		892F49CC1CB60CBE002126E3 /* TFCommon.h */ = {isa = PBXFileReference; lastKnownFileType = sourcecode.c.h; path = TFCommon.h; sourceTree = "<group>"; };
		FE391E571CAAC3B8004C8FA7 /* TFSlideView_OC.app */ = {isa = PBXFileReference; explicitFileType = wrapper.application; includeInIndex = 0; path = TFSlideView_OC.app; sourceTree = BUILT_PRODUCTS_DIR; };
		FE391E5B1CAAC3B8004C8FA7 /* main.m */ = {isa = PBXFileReference; lastKnownFileType = sourcecode.c.objc; path = main.m; sourceTree = "<group>"; };
		FE391E5D1CAAC3B8004C8FA7 /* AppDelegate.h */ = {isa = PBXFileReference; lastKnownFileType = sourcecode.c.h; path = AppDelegate.h; sourceTree = "<group>"; };
		FE391E5E1CAAC3B8004C8FA7 /* AppDelegate.m */ = {isa = PBXFileReference; lastKnownFileType = sourcecode.c.objc; path = AppDelegate.m; sourceTree = "<group>"; };
		FE391E601CAAC3B8004C8FA7 /* ViewController.h */ = {isa = PBXFileReference; lastKnownFileType = sourcecode.c.h; path = ViewController.h; sourceTree = "<group>"; };
		FE391E611CAAC3B8004C8FA7 /* ViewController.m */ = {isa = PBXFileReference; lastKnownFileType = sourcecode.c.objc; path = ViewController.m; sourceTree = "<group>"; };
		FE391E641CAAC3B8004C8FA7 /* Base */ = {isa = PBXFileReference; lastKnownFileType = file.storyboard; name = Base; path = Base.lproj/Main.storyboard; sourceTree = "<group>"; };
		FE391E661CAAC3B8004C8FA7 /* Assets.xcassets */ = {isa = PBXFileReference; lastKnownFileType = folder.assetcatalog; path = Assets.xcassets; sourceTree = "<group>"; };
		FE391E691CAAC3B8004C8FA7 /* Base */ = {isa = PBXFileReference; lastKnownFileType = file.storyboard; name = Base; path = Base.lproj/LaunchScreen.storyboard; sourceTree = "<group>"; };
		FE391E6B1CAAC3B8004C8FA7 /* Info.plist */ = {isa = PBXFileReference; lastKnownFileType = text.plist.xml; path = Info.plist; sourceTree = "<group>"; };
		FE391E701CAAC3B8004C8FA7 /* TFSlideView_OCTests.xctest */ = {isa = PBXFileReference; explicitFileType = wrapper.cfbundle; includeInIndex = 0; path = TFSlideView_OCTests.xctest; sourceTree = BUILT_PRODUCTS_DIR; };
		FE391E741CAAC3B8004C8FA7 /* TFSlideView_OCTests.m */ = {isa = PBXFileReference; lastKnownFileType = sourcecode.c.objc; path = TFSlideView_OCTests.m; sourceTree = "<group>"; };
		FE391E761CAAC3B8004C8FA7 /* Info.plist */ = {isa = PBXFileReference; lastKnownFileType = text.plist.xml; path = Info.plist; sourceTree = "<group>"; };
		FE391E7B1CAAC3B9004C8FA7 /* TFSlideView_OCUITests.xctest */ = {isa = PBXFileReference; explicitFileType = wrapper.cfbundle; includeInIndex = 0; path = TFSlideView_OCUITests.xctest; sourceTree = BUILT_PRODUCTS_DIR; };
		FE391E7F1CAAC3B9004C8FA7 /* TFSlideView_OCUITests.m */ = {isa = PBXFileReference; lastKnownFileType = sourcecode.c.objc; path = TFSlideView_OCUITests.m; sourceTree = "<group>"; };
		FE391E811CAAC3B9004C8FA7 /* Info.plist */ = {isa = PBXFileReference; lastKnownFileType = text.plist.xml; path = Info.plist; sourceTree = "<group>"; };
		FE391E8F1CAAC3F6004C8FA7 /* DLCacheProtocol.h */ = {isa = PBXFileReference; fileEncoding = 4; lastKnownFileType = sourcecode.c.h; path = DLCacheProtocol.h; sourceTree = "<group>"; };
		FE391E901CAAC3F6004C8FA7 /* DLLRUCache.h */ = {isa = PBXFileReference; fileEncoding = 4; lastKnownFileType = sourcecode.c.h; path = DLLRUCache.h; sourceTree = "<group>"; };
		FE391E911CAAC3F6004C8FA7 /* DLLRUCache.m */ = {isa = PBXFileReference; fileEncoding = 4; lastKnownFileType = sourcecode.c.objc; path = DLLRUCache.m; sourceTree = "<group>"; };
		FE391E921CAAC3F6004C8FA7 /* DLCustomSlideView.h */ = {isa = PBXFileReference; fileEncoding = 4; lastKnownFileType = sourcecode.c.h; path = DLCustomSlideView.h; sourceTree = "<group>"; };
		FE391E931CAAC3F6004C8FA7 /* DLCustomSlideView.m */ = {isa = PBXFileReference; fileEncoding = 4; lastKnownFileType = sourcecode.c.objc; path = DLCustomSlideView.m; sourceTree = "<group>"; };
		FE391E941CAAC3F6004C8FA7 /* DLSlideView.h */ = {isa = PBXFileReference; fileEncoding = 4; lastKnownFileType = sourcecode.c.h; path = DLSlideView.h; sourceTree = "<group>"; };
		FE391E951CAAC3F6004C8FA7 /* DLSlideView.m */ = {isa = PBXFileReference; fileEncoding = 4; lastKnownFileType = sourcecode.c.objc; path = DLSlideView.m; sourceTree = "<group>"; };
		FE391E971CAAC3F6004C8FA7 /* DLFixedTabbarView.h */ = {isa = PBXFileReference; fileEncoding = 4; lastKnownFileType = sourcecode.c.h; path = DLFixedTabbarView.h; sourceTree = "<group>"; };
		FE391E981CAAC3F6004C8FA7 /* DLFixedTabbarView.m */ = {isa = PBXFileReference; fileEncoding = 4; lastKnownFileType = sourcecode.c.objc; path = DLFixedTabbarView.m; sourceTree = "<group>"; };
		FE391E991CAAC3F6004C8FA7 /* DLScrollTabbarView.h */ = {isa = PBXFileReference; fileEncoding = 4; lastKnownFileType = sourcecode.c.h; path = DLScrollTabbarView.h; sourceTree = "<group>"; };
		FE391E9A1CAAC3F6004C8FA7 /* DLScrollTabbarView.m */ = {isa = PBXFileReference; fileEncoding = 4; lastKnownFileType = sourcecode.c.objc; path = DLScrollTabbarView.m; sourceTree = "<group>"; };
		FE391E9B1CAAC3F6004C8FA7 /* DLSlideTabbarProtocol.h */ = {isa = PBXFileReference; fileEncoding = 4; lastKnownFileType = sourcecode.c.h; path = DLSlideTabbarProtocol.h; sourceTree = "<group>"; };
		FE391E9C1CAAC3F6004C8FA7 /* DLTabedSlideView.h */ = {isa = PBXFileReference; fileEncoding = 4; lastKnownFileType = sourcecode.c.h; path = DLTabedSlideView.h; sourceTree = "<group>"; };
		FE391E9D1CAAC3F6004C8FA7 /* DLTabedSlideView.m */ = {isa = PBXFileReference; fileEncoding = 4; lastKnownFileType = sourcecode.c.objc; path = DLTabedSlideView.m; sourceTree = "<group>"; };
		FE391E9E1CAAC3F6004C8FA7 /* DLUtility.h */ = {isa = PBXFileReference; fileEncoding = 4; lastKnownFileType = sourcecode.c.h; path = DLUtility.h; sourceTree = "<group>"; };
		FE391E9F1CAAC3F6004C8FA7 /* DLUtility.m */ = {isa = PBXFileReference; fileEncoding = 4; lastKnownFileType = sourcecode.c.objc; path = DLUtility.m; sourceTree = "<group>"; };
/* End PBXFileReference section */

/* Begin PBXFrameworksBuildPhase section */
		FE391E541CAAC3B8004C8FA7 /* Frameworks */ = {
			isa = PBXFrameworksBuildPhase;
			buildActionMask = 2147483647;
			files = (
			);
			runOnlyForDeploymentPostprocessing = 0;
		};
		FE391E6D1CAAC3B8004C8FA7 /* Frameworks */ = {
			isa = PBXFrameworksBuildPhase;
			buildActionMask = 2147483647;
			files = (
			);
			runOnlyForDeploymentPostprocessing = 0;
		};
		FE391E781CAAC3B9004C8FA7 /* Frameworks */ = {
			isa = PBXFrameworksBuildPhase;
			buildActionMask = 2147483647;
			files = (
			);
			runOnlyForDeploymentPostprocessing = 0;
		};
/* End PBXFrameworksBuildPhase section */

/* Begin PBXGroup section */
		FE391E4E1CAAC3B8004C8FA7 = {
			isa = PBXGroup;
			children = (
				FE391E591CAAC3B8004C8FA7 /* TFSlideView_OC */,
				FE391E731CAAC3B8004C8FA7 /* TFSlideView_OCTests */,
				FE391E7E1CAAC3B9004C8FA7 /* TFSlideView_OCUITests */,
				FE391E581CAAC3B8004C8FA7 /* Products */,
			);
			sourceTree = "<group>";
		};
		FE391E581CAAC3B8004C8FA7 /* Products */ = {
			isa = PBXGroup;
			children = (
				FE391E571CAAC3B8004C8FA7 /* TFSlideView_OC.app */,
				FE391E701CAAC3B8004C8FA7 /* TFSlideView_OCTests.xctest */,
				FE391E7B1CAAC3B9004C8FA7 /* TFSlideView_OCUITests.xctest */,
			);
			name = Products;
			sourceTree = "<group>";
		};
		FE391E591CAAC3B8004C8FA7 /* TFSlideView_OC */ = {
			isa = PBXGroup;
			children = (
				FE391E8D1CAAC3F6004C8FA7 /* DLSlideView */,
				FE391EA01CAAC3F6004C8FA7 /* TFSlideView */,
				FE391E5D1CAAC3B8004C8FA7 /* AppDelegate.h */,
				FE391E5E1CAAC3B8004C8FA7 /* AppDelegate.m */,
				FE391E601CAAC3B8004C8FA7 /* ViewController.h */,
				FE391E611CAAC3B8004C8FA7 /* ViewController.m */,
				892F49CC1CB60CBE002126E3 /* TFCommon.h */,
				892F49C31CB6063F002126E3 /* DLDemoViewController.h */,
				892F49C41CB6063F002126E3 /* DLDemoViewController.m */,
				FE391E631CAAC3B8004C8FA7 /* Main.storyboard */,
				FE391E661CAAC3B8004C8FA7 /* Assets.xcassets */,
				FE391E681CAAC3B8004C8FA7 /* LaunchScreen.storyboard */,
				FE391E6B1CAAC3B8004C8FA7 /* Info.plist */,
				FE391E5A1CAAC3B8004C8FA7 /* Supporting Files */,
			);
			path = TFSlideView_OC;
			sourceTree = "<group>";
		};
		FE391E5A1CAAC3B8004C8FA7 /* Supporting Files */ = {
			isa = PBXGroup;
			children = (
				FE391E5B1CAAC3B8004C8FA7 /* main.m */,
			);
			name = "Supporting Files";
			sourceTree = "<group>";
		};
		FE391E731CAAC3B8004C8FA7 /* TFSlideView_OCTests */ = {
			isa = PBXGroup;
			children = (
				FE391E741CAAC3B8004C8FA7 /* TFSlideView_OCTests.m */,
				FE391E761CAAC3B8004C8FA7 /* Info.plist */,
			);
			path = TFSlideView_OCTests;
			sourceTree = "<group>";
		};
		FE391E7E1CAAC3B9004C8FA7 /* TFSlideView_OCUITests */ = {
			isa = PBXGroup;
			children = (
				FE391E7F1CAAC3B9004C8FA7 /* TFSlideView_OCUITests.m */,
				FE391E811CAAC3B9004C8FA7 /* Info.plist */,
			);
			path = TFSlideView_OCUITests;
			sourceTree = "<group>";
		};
		FE391E8D1CAAC3F6004C8FA7 /* DLSlideView */ = {
			isa = PBXGroup;
			children = (
				FE391E8E1CAAC3F6004C8FA7 /* DLCache */,
				FE391E921CAAC3F6004C8FA7 /* DLCustomSlideView.h */,
				FE391E931CAAC3F6004C8FA7 /* DLCustomSlideView.m */,
				FE391E941CAAC3F6004C8FA7 /* DLSlideView.h */,
				FE391E951CAAC3F6004C8FA7 /* DLSlideView.m */,
				FE391E961CAAC3F6004C8FA7 /* DLTabbarView */,
				FE391E9C1CAAC3F6004C8FA7 /* DLTabedSlideView.h */,
				FE391E9D1CAAC3F6004C8FA7 /* DLTabedSlideView.m */,
				FE391E9E1CAAC3F6004C8FA7 /* DLUtility.h */,
				FE391E9F1CAAC3F6004C8FA7 /* DLUtility.m */,
			);
			path = DLSlideView;
			sourceTree = "<group>";
		};
		FE391E8E1CAAC3F6004C8FA7 /* DLCache */ = {
			isa = PBXGroup;
			children = (
				FE391E8F1CAAC3F6004C8FA7 /* DLCacheProtocol.h */,
				FE391E901CAAC3F6004C8FA7 /* DLLRUCache.h */,
				FE391E911CAAC3F6004C8FA7 /* DLLRUCache.m */,
			);
			path = DLCache;
			sourceTree = "<group>";
		};
		FE391E961CAAC3F6004C8FA7 /* DLTabbarView */ = {
			isa = PBXGroup;
			children = (
				FE391E971CAAC3F6004C8FA7 /* DLFixedTabbarView.h */,
				FE391E981CAAC3F6004C8FA7 /* DLFixedTabbarView.m */,
				FE391E991CAAC3F6004C8FA7 /* DLScrollTabbarView.h */,
				FE391E9A1CAAC3F6004C8FA7 /* DLScrollTabbarView.m */,
				FE391E9B1CAAC3F6004C8FA7 /* DLSlideTabbarProtocol.h */,
			);
			path = DLTabbarView;
			sourceTree = "<group>";
		};
		FE391EA01CAAC3F6004C8FA7 /* TFSlideView */ = {
			isa = PBXGroup;
			children = (
				892F49C91CB60A38002126E3 /* TFFixedTabbarView.h */,
				892F49CA1CB60A38002126E3 /* TFFixedTabbarView.m */,
				892F49C61CB607D2002126E3 /* TFTabedSlideView.h */,
				892F49C71CB607D2002126E3 /* TFTabedSlideView.m */,
			);
			path = TFSlideView;
			sourceTree = "<group>";
		};
/* End PBXGroup section */

/* Begin PBXNativeTarget section */
		FE391E561CAAC3B8004C8FA7 /* TFSlideView_OC */ = {
			isa = PBXNativeTarget;
			buildConfigurationList = FE391E841CAAC3B9004C8FA7 /* Build configuration list for PBXNativeTarget "TFSlideView_OC" */;
			buildPhases = (
				FE391E531CAAC3B8004C8FA7 /* Sources */,
				FE391E541CAAC3B8004C8FA7 /* Frameworks */,
				FE391E551CAAC3B8004C8FA7 /* Resources */,
			);
			buildRules = (
			);
			dependencies = (
			);
			name = TFSlideView_OC;
			productName = TFSlideView_OC;
			productReference = FE391E571CAAC3B8004C8FA7 /* TFSlideView_OC.app */;
			productType = "com.apple.product-type.application";
		};
		FE391E6F1CAAC3B8004C8FA7 /* TFSlideView_OCTests */ = {
			isa = PBXNativeTarget;
			buildConfigurationList = FE391E871CAAC3B9004C8FA7 /* Build configuration list for PBXNativeTarget "TFSlideView_OCTests" */;
			buildPhases = (
				FE391E6C1CAAC3B8004C8FA7 /* Sources */,
				FE391E6D1CAAC3B8004C8FA7 /* Frameworks */,
				FE391E6E1CAAC3B8004C8FA7 /* Resources */,
			);
			buildRules = (
			);
			dependencies = (
				FE391E721CAAC3B8004C8FA7 /* PBXTargetDependency */,
			);
			name = TFSlideView_OCTests;
			productName = TFSlideView_OCTests;
			productReference = FE391E701CAAC3B8004C8FA7 /* TFSlideView_OCTests.xctest */;
			productType = "com.apple.product-type.bundle.unit-test";
		};
		FE391E7A1CAAC3B9004C8FA7 /* TFSlideView_OCUITests */ = {
			isa = PBXNativeTarget;
			buildConfigurationList = FE391E8A1CAAC3B9004C8FA7 /* Build configuration list for PBXNativeTarget "TFSlideView_OCUITests" */;
			buildPhases = (
				FE391E771CAAC3B9004C8FA7 /* Sources */,
				FE391E781CAAC3B9004C8FA7 /* Frameworks */,
				FE391E791CAAC3B9004C8FA7 /* Resources */,
			);
			buildRules = (
			);
			dependencies = (
				FE391E7D1CAAC3B9004C8FA7 /* PBXTargetDependency */,
			);
			name = TFSlideView_OCUITests;
			productName = TFSlideView_OCUITests;
			productReference = FE391E7B1CAAC3B9004C8FA7 /* TFSlideView_OCUITests.xctest */;
			productType = "com.apple.product-type.bundle.ui-testing";
		};
/* End PBXNativeTarget section */

/* Begin PBXProject section */
		FE391E4F1CAAC3B8004C8FA7 /* Project object */ = {
			isa = PBXProject;
			attributes = {
				LastUpgradeCheck = 0730;
				ORGANIZATIONNAME = tengfei;
				TargetAttributes = {
					FE391E561CAAC3B8004C8FA7 = {
						CreatedOnToolsVersion = 7.3;
					};
					FE391E6F1CAAC3B8004C8FA7 = {
						CreatedOnToolsVersion = 7.3;
						TestTargetID = FE391E561CAAC3B8004C8FA7;
					};
					FE391E7A1CAAC3B9004C8FA7 = {
						CreatedOnToolsVersion = 7.3;
						TestTargetID = FE391E561CAAC3B8004C8FA7;
					};
				};
			};
			buildConfigurationList = FE391E521CAAC3B8004C8FA7 /* Build configuration list for PBXProject "TFSlideView_OC" */;
			compatibilityVersion = "Xcode 3.2";
			developmentRegion = English;
			hasScannedForEncodings = 0;
			knownRegions = (
				en,
				Base,
			);
			mainGroup = FE391E4E1CAAC3B8004C8FA7;
			productRefGroup = FE391E581CAAC3B8004C8FA7 /* Products */;
			projectDirPath = "";
			projectRoot = "";
			targets = (
				FE391E561CAAC3B8004C8FA7 /* TFSlideView_OC */,
				FE391E6F1CAAC3B8004C8FA7 /* TFSlideView_OCTests */,
				FE391E7A1CAAC3B9004C8FA7 /* TFSlideView_OCUITests */,
			);
		};
/* End PBXProject section */

/* Begin PBXResourcesBuildPhase section */
		FE391E551CAAC3B8004C8FA7 /* Resources */ = {
			isa = PBXResourcesBuildPhase;
			buildActionMask = 2147483647;
			files = (
				FE391E6A1CAAC3B8004C8FA7 /* LaunchScreen.storyboard in Resources */,
				FE391E671CAAC3B8004C8FA7 /* Assets.xcassets in Resources */,
				FE391E651CAAC3B8004C8FA7 /* Main.storyboard in Resources */,
			);
			runOnlyForDeploymentPostprocessing = 0;
		};
		FE391E6E1CAAC3B8004C8FA7 /* Resources */ = {
			isa = PBXResourcesBuildPhase;
			buildActionMask = 2147483647;
			files = (
			);
			runOnlyForDeploymentPostprocessing = 0;
		};
		FE391E791CAAC3B9004C8FA7 /* Resources */ = {
			isa = PBXResourcesBuildPhase;
			buildActionMask = 2147483647;
			files = (
			);
			runOnlyForDeploymentPostprocessing = 0;
		};
/* End PBXResourcesBuildPhase section */

/* Begin PBXSourcesBuildPhase section */
		FE391E531CAAC3B8004C8FA7 /* Sources */ = {
			isa = PBXSourcesBuildPhase;
			buildActionMask = 2147483647;
			files = (
				FE391EA61CAAC3F6004C8FA7 /* DLTabedSlideView.m in Sources */,
				FE391E621CAAC3B8004C8FA7 /* ViewController.m in Sources */,
				FE391E5F1CAAC3B8004C8FA7 /* AppDelegate.m in Sources */,
				FE391EA21CAAC3F6004C8FA7 /* DLCustomSlideView.m in Sources */,
				FE391EA71CAAC3F6004C8FA7 /* DLUtility.m in Sources */,
				FE391EA11CAAC3F6004C8FA7 /* DLLRUCache.m in Sources */,
				FE391EA31CAAC3F6004C8FA7 /* DLSlideView.m in Sources */,
				892F49C81CB607D2002126E3 /* TFTabedSlideView.m in Sources */,
				FE391EA51CAAC3F6004C8FA7 /* DLScrollTabbarView.m in Sources */,
				892F49CB1CB60A38002126E3 /* TFFixedTabbarView.m in Sources */,
				892F49C51CB6063F002126E3 /* DLDemoViewController.m in Sources */,
				FE391E5C1CAAC3B8004C8FA7 /* main.m in Sources */,
				FE391EA41CAAC3F6004C8FA7 /* DLFixedTabbarView.m in Sources */,
			);
			runOnlyForDeploymentPostprocessing = 0;
		};
		FE391E6C1CAAC3B8004C8FA7 /* Sources */ = {
			isa = PBXSourcesBuildPhase;
			buildActionMask = 2147483647;
			files = (
				FE391E751CAAC3B8004C8FA7 /* TFSlideView_OCTests.m in Sources */,
			);
			runOnlyForDeploymentPostprocessing = 0;
		};
		FE391E771CAAC3B9004C8FA7 /* Sources */ = {
			isa = PBXSourcesBuildPhase;
			buildActionMask = 2147483647;
			files = (
				FE391E801CAAC3B9004C8FA7 /* TFSlideView_OCUITests.m in Sources */,
			);
			runOnlyForDeploymentPostprocessing = 0;
		};
/* End PBXSourcesBuildPhase section */

/* Begin PBXTargetDependency section */
		FE391E721CAAC3B8004C8FA7 /* PBXTargetDependency */ = {
			isa = PBXTargetDependency;
			target = FE391E561CAAC3B8004C8FA7 /* TFSlideView_OC */;
			targetProxy = FE391E711CAAC3B8004C8FA7 /* PBXContainerItemProxy */;
		};
		FE391E7D1CAAC3B9004C8FA7 /* PBXTargetDependency */ = {
			isa = PBXTargetDependency;
			target = FE391E561CAAC3B8004C8FA7 /* TFSlideView_OC */;
			targetProxy = FE391E7C1CAAC3B9004C8FA7 /* PBXContainerItemProxy */;
		};
/* End PBXTargetDependency section */

/* Begin PBXVariantGroup section */
		FE391E631CAAC3B8004C8FA7 /* Main.storyboard */ = {
			isa = PBXVariantGroup;
			children = (
				FE391E641CAAC3B8004C8FA7 /* Base */,
			);
			name = Main.storyboard;
			sourceTree = "<group>";
		};
		FE391E681CAAC3B8004C8FA7 /* LaunchScreen.storyboard */ = {
			isa = PBXVariantGroup;
			children = (
				FE391E691CAAC3B8004C8FA7 /* Base */,
			);
			name = LaunchScreen.storyboard;
			sourceTree = "<group>";
		};
/* End PBXVariantGroup section */

/* Begin XCBuildConfiguration section */
		FE391E821CAAC3B9004C8FA7 /* Debug */ = {
			isa = XCBuildConfiguration;
			buildSettings = {
				ALWAYS_SEARCH_USER_PATHS = NO;
				CLANG_ANALYZER_NONNULL = YES;
				CLANG_CXX_LANGUAGE_STANDARD = "gnu++0x";
				CLANG_CXX_LIBRARY = "libc++";
				CLANG_ENABLE_MODULES = YES;
				CLANG_ENABLE_OBJC_ARC = YES;
				CLANG_WARN_BOOL_CONVERSION = YES;
				CLANG_WARN_CONSTANT_CONVERSION = YES;
				CLANG_WARN_DIRECT_OBJC_ISA_USAGE = YES_ERROR;
				CLANG_WARN_EMPTY_BODY = YES;
				CLANG_WARN_ENUM_CONVERSION = YES;
				CLANG_WARN_INT_CONVERSION = YES;
				CLANG_WARN_OBJC_ROOT_CLASS = YES_ERROR;
				CLANG_WARN_UNREACHABLE_CODE = YES;
				CLANG_WARN__DUPLICATE_METHOD_MATCH = YES;
				"CODE_SIGN_IDENTITY[sdk=iphoneos*]" = "iPhone Developer";
				COPY_PHASE_STRIP = NO;
				DEBUG_INFORMATION_FORMAT = dwarf;
				ENABLE_STRICT_OBJC_MSGSEND = YES;
				ENABLE_TESTABILITY = YES;
				GCC_C_LANGUAGE_STANDARD = gnu99;
				GCC_DYNAMIC_NO_PIC = NO;
				GCC_NO_COMMON_BLOCKS = YES;
				GCC_OPTIMIZATION_LEVEL = 0;
				GCC_PREPROCESSOR_DEFINITIONS = (
					"DEBUG=1",
					"$(inherited)",
				);
				GCC_WARN_64_TO_32_BIT_CONVERSION = YES;
				GCC_WARN_ABOUT_RETURN_TYPE = YES_ERROR;
				GCC_WARN_UNDECLARED_SELECTOR = YES;
				GCC_WARN_UNINITIALIZED_AUTOS = YES_AGGRESSIVE;
				GCC_WARN_UNUSED_FUNCTION = YES;
				GCC_WARN_UNUSED_VARIABLE = YES;
				IPHONEOS_DEPLOYMENT_TARGET = 9.3;
				MTL_ENABLE_DEBUG_INFO = YES;
				ONLY_ACTIVE_ARCH = YES;
				SDKROOT = iphoneos;
			};
			name = Debug;
		};
		FE391E831CAAC3B9004C8FA7 /* Release */ = {
			isa = XCBuildConfiguration;
			buildSettings = {
				ALWAYS_SEARCH_USER_PATHS = NO;
				CLANG_ANALYZER_NONNULL = YES;
				CLANG_CXX_LANGUAGE_STANDARD = "gnu++0x";
				CLANG_CXX_LIBRARY = "libc++";
				CLANG_ENABLE_MODULES = YES;
				CLANG_ENABLE_OBJC_ARC = YES;
				CLANG_WARN_BOOL_CONVERSION = YES;
				CLANG_WARN_CONSTANT_CONVERSION = YES;
				CLANG_WARN_DIRECT_OBJC_ISA_USAGE = YES_ERROR;
				CLANG_WARN_EMPTY_BODY = YES;
				CLANG_WARN_ENUM_CONVERSION = YES;
				CLANG_WARN_INT_CONVERSION = YES;
				CLANG_WARN_OBJC_ROOT_CLASS = YES_ERROR;
				CLANG_WARN_UNREACHABLE_CODE = YES;
				CLANG_WARN__DUPLICATE_METHOD_MATCH = YES;
				"CODE_SIGN_IDENTITY[sdk=iphoneos*]" = "iPhone Developer";
				COPY_PHASE_STRIP = NO;
				DEBUG_INFORMATION_FORMAT = "dwarf-with-dsym";
				ENABLE_NS_ASSERTIONS = NO;
				ENABLE_STRICT_OBJC_MSGSEND = YES;
				GCC_C_LANGUAGE_STANDARD = gnu99;
				GCC_NO_COMMON_BLOCKS = YES;
				GCC_WARN_64_TO_32_BIT_CONVERSION = YES;
				GCC_WARN_ABOUT_RETURN_TYPE = YES_ERROR;
				GCC_WARN_UNDECLARED_SELECTOR = YES;
				GCC_WARN_UNINITIALIZED_AUTOS = YES_AGGRESSIVE;
				GCC_WARN_UNUSED_FUNCTION = YES;
				GCC_WARN_UNUSED_VARIABLE = YES;
				IPHONEOS_DEPLOYMENT_TARGET = 9.3;
				MTL_ENABLE_DEBUG_INFO = NO;
				SDKROOT = iphoneos;
				VALIDATE_PRODUCT = YES;
			};
			name = Release;
		};
		FE391E851CAAC3B9004C8FA7 /* Debug */ = {
			isa = XCBuildConfiguration;
			buildSettings = {
				ASSETCATALOG_COMPILER_APPICON_NAME = AppIcon;
				INFOPLIST_FILE = TFSlideView_OC/Info.plist;
				LD_RUNPATH_SEARCH_PATHS = "$(inherited) @executable_path/Frameworks";
				PRODUCT_BUNDLE_IDENTIFIER = "com.ftf.TFSlideView-OC";
				PRODUCT_NAME = "$(TARGET_NAME)";
			};
			name = Debug;
		};
		FE391E861CAAC3B9004C8FA7 /* Release */ = {
			isa = XCBuildConfiguration;
			buildSettings = {
				ASSETCATALOG_COMPILER_APPICON_NAME = AppIcon;
				INFOPLIST_FILE = TFSlideView_OC/Info.plist;
				LD_RUNPATH_SEARCH_PATHS = "$(inherited) @executable_path/Frameworks";
				PRODUCT_BUNDLE_IDENTIFIER = "com.ftf.TFSlideView-OC";
				PRODUCT_NAME = "$(TARGET_NAME)";
			};
			name = Release;
		};
		FE391E881CAAC3B9004C8FA7 /* Debug */ = {
			isa = XCBuildConfiguration;
			buildSettings = {
				BUNDLE_LOADER = "$(TEST_HOST)";
				INFOPLIST_FILE = TFSlideView_OCTests/Info.plist;
				LD_RUNPATH_SEARCH_PATHS = "$(inherited) @executable_path/Frameworks @loader_path/Frameworks";
				PRODUCT_BUNDLE_IDENTIFIER = "com.ftf.TFSlideView-OCTests";
				PRODUCT_NAME = "$(TARGET_NAME)";
				TEST_HOST = "$(BUILT_PRODUCTS_DIR)/TFSlideView_OC.app/TFSlideView_OC";
			};
			name = Debug;
		};
		FE391E891CAAC3B9004C8FA7 /* Release */ = {
			isa = XCBuildConfiguration;
			buildSettings = {
				BUNDLE_LOADER = "$(TEST_HOST)";
				INFOPLIST_FILE = TFSlideView_OCTests/Info.plist;
				LD_RUNPATH_SEARCH_PATHS = "$(inherited) @executable_path/Frameworks @loader_path/Frameworks";
				PRODUCT_BUNDLE_IDENTIFIER = "com.ftf.TFSlideView-OCTests";
				PRODUCT_NAME = "$(TARGET_NAME)";
				TEST_HOST = "$(BUILT_PRODUCTS_DIR)/TFSlideView_OC.app/TFSlideView_OC";
			};
			name = Release;
		};
		FE391E8B1CAAC3B9004C8FA7 /* Debug */ = {
			isa = XCBuildConfiguration;
			buildSettings = {
				INFOPLIST_FILE = TFSlideView_OCUITests/Info.plist;
				LD_RUNPATH_SEARCH_PATHS = "$(inherited) @executable_path/Frameworks @loader_path/Frameworks";
				PRODUCT_BUNDLE_IDENTIFIER = "com.ftf.TFSlideView-OCUITests";
				PRODUCT_NAME = "$(TARGET_NAME)";
				TEST_TARGET_NAME = TFSlideView_OC;
			};
			name = Debug;
		};
		FE391E8C1CAAC3B9004C8FA7 /* Release */ = {
			isa = XCBuildConfiguration;
			buildSettings = {
				INFOPLIST_FILE = TFSlideView_OCUITests/Info.plist;
				LD_RUNPATH_SEARCH_PATHS = "$(inherited) @executable_path/Frameworks @loader_path/Frameworks";
				PRODUCT_BUNDLE_IDENTIFIER = "com.ftf.TFSlideView-OCUITests";
				PRODUCT_NAME = "$(TARGET_NAME)";
				TEST_TARGET_NAME = TFSlideView_OC;
			};
			name = Release;
		};
/* End XCBuildConfiguration section */

/* Begin XCConfigurationList section */
		FE391E521CAAC3B8004C8FA7 /* Build configuration list for PBXProject "TFSlideView_OC" */ = {
			isa = XCConfigurationList;
			buildConfigurations = (
				FE391E821CAAC3B9004C8FA7 /* Debug */,
				FE391E831CAAC3B9004C8FA7 /* Release */,
			);
			defaultConfigurationIsVisible = 0;
			defaultConfigurationName = Release;
		};
		FE391E841CAAC3B9004C8FA7 /* Build configuration list for PBXNativeTarget "TFSlideView_OC" */ = {
			isa = XCConfigurationList;
			buildConfigurations = (
				FE391E851CAAC3B9004C8FA7 /* Debug */,
				FE391E861CAAC3B9004C8FA7 /* Release */,
			);
			defaultConfigurationIsVisible = 0;
			defaultConfigurationName = Release;
		};
		FE391E871CAAC3B9004C8FA7 /* Build configuration list for PBXNativeTarget "TFSlideView_OCTests" */ = {
			isa = XCConfigurationList;
			buildConfigurations = (
				FE391E881CAAC3B9004C8FA7 /* Debug */,
				FE391E891CAAC3B9004C8FA7 /* Release */,
			);
			defaultConfigurationIsVisible = 0;
			defaultConfigurationName = Release;
		};
		FE391E8A1CAAC3B9004C8FA7 /* Build configuration list for PBXNativeTarget "TFSlideView_OCUITests" */ = {
			isa = XCConfigurationList;
			buildConfigurations = (
				FE391E8B1CAAC3B9004C8FA7 /* Debug */,
				FE391E8C1CAAC3B9004C8FA7 /* Release */,
			);
			defaultConfigurationIsVisible = 0;
			defaultConfigurationName = Release;
		};
/* End XCConfigurationList section */
	};
	rootObject = FE391E4F1CAAC3B8004C8FA7 /* Project object */;
}
