// !$*UTF8*$!
{
	archiveVersion = 1;
	classes = {
	};
	objectVersion = 46;
	objects = {

/* Begin PBXBuildFile section */
		FE391DD81CA975A5004C8FA7 /* AppDelegate.swift in Sources */ = {isa = PBXBuildFile; fileRef = FE391DD71CA975A5004C8FA7 /* AppDelegate.swift */; };
		FE391DDA1CA975A5004C8FA7 /* ViewController.swift in Sources */ = {isa = PBXBuildFile; fileRef = FE391DD91CA975A5004C8FA7 /* ViewController.swift */; };
		FE391DDD1CA975A5004C8FA7 /* Main.storyboard in Resources */ = {isa = PBXBuildFile; fileRef = FE391DDB1CA975A5004C8FA7 /* Main.storyboard */; };
		FE391DDF1CA975A5004C8FA7 /* Assets.xcassets in Resources */ = {isa = PBXBuildFile; fileRef = FE391DDE1CA975A5004C8FA7 /* Assets.xcassets */; };
		FE391DE21CA975A5004C8FA7 /* LaunchScreen.storyboard in Resources */ = {isa = PBXBuildFile; fileRef = FE391DE01CA975A5004C8FA7 /* LaunchScreen.storyboard */; };
		FE391DED1CA975A5004C8FA7 /* TFSlideView_SwiftTests.swift in Sources */ = {isa = PBXBuildFile; fileRef = FE391DEC1CA975A5004C8FA7 /* TFSlideView_SwiftTests.swift */; };
		FE391DF81CA975A5004C8FA7 /* TFSlideView_SwiftUITests.swift in Sources */ = {isa = PBXBuildFile; fileRef = FE391DF71CA975A5004C8FA7 /* TFSlideView_SwiftUITests.swift */; };
/* End PBXBuildFile section */

/* Begin PBXContainerItemProxy section */
		FE391DE91CA975A5004C8FA7 /* PBXContainerItemProxy */ = {
			isa = PBXContainerItemProxy;
			containerPortal = FE391DCC1CA975A5004C8FA7 /* Project object */;
			proxyType = 1;
			remoteGlobalIDString = FE391DD31CA975A5004C8FA7;
			remoteInfo = TFSlideView_Swift;
		};
		FE391DF41CA975A5004C8FA7 /* PBXContainerItemProxy */ = {
			isa = PBXContainerItemProxy;
			containerPortal = FE391DCC1CA975A5004C8FA7 /* Project object */;
			proxyType = 1;
			remoteGlobalIDString = FE391DD31CA975A5004C8FA7;
			remoteInfo = TFSlideView_Swift;
		};
/* End PBXContainerItemProxy section */

/* Begin PBXFileReference section */
		FE391DD41CA975A5004C8FA7 /* TFSlideView_Swift.app */ = {isa = PBXFileReference; explicitFileType = wrapper.application; includeInIndex = 0; path = TFSlideView_Swift.app; sourceTree = BUILT_PRODUCTS_DIR; };
		FE391DD71CA975A5004C8FA7 /* AppDelegate.swift */ = {isa = PBXFileReference; lastKnownFileType = sourcecode.swift; path = AppDelegate.swift; sourceTree = "<group>"; };
		FE391DD91CA975A5004C8FA7 /* ViewController.swift */ = {isa = PBXFileReference; lastKnownFileType = sourcecode.swift; path = ViewController.swift; sourceTree = "<group>"; };
		FE391DDC1CA975A5004C8FA7 /* Base */ = {isa = PBXFileReference; lastKnownFileType = file.storyboard; name = Base; path = Base.lproj/Main.storyboard; sourceTree = "<group>"; };
		FE391DDE1CA975A5004C8FA7 /* Assets.xcassets */ = {isa = PBXFileReference; lastKnownFileType = folder.assetcatalog; path = Assets.xcassets; sourceTree = "<group>"; };
		FE391DE11CA975A5004C8FA7 /* Base */ = {isa = PBXFileReference; lastKnownFileType = file.storyboard; name = Base; path = Base.lproj/LaunchScreen.storyboard; sourceTree = "<group>"; };
		FE391DE31CA975A5004C8FA7 /* Info.plist */ = {isa = PBXFileReference; lastKnownFileType = text.plist.xml; path = Info.plist; sourceTree = "<group>"; };
		FE391DE81CA975A5004C8FA7 /* TFSlideView_SwiftTests.xctest */ = {isa = PBXFileReference; explicitFileType = wrapper.cfbundle; includeInIndex = 0; path = TFSlideView_SwiftTests.xctest; sourceTree = BUILT_PRODUCTS_DIR; };
		FE391DEC1CA975A5004C8FA7 /* TFSlideView_SwiftTests.swift */ = {isa = PBXFileReference; lastKnownFileType = sourcecode.swift; path = TFSlideView_SwiftTests.swift; sourceTree = "<group>"; };
		FE391DEE1CA975A5004C8FA7 /* Info.plist */ = {isa = PBXFileReference; lastKnownFileType = text.plist.xml; path = Info.plist; sourceTree = "<group>"; };
		FE391DF31CA975A5004C8FA7 /* TFSlideView_SwiftUITests.xctest */ = {isa = PBXFileReference; explicitFileType = wrapper.cfbundle; includeInIndex = 0; path = TFSlideView_SwiftUITests.xctest; sourceTree = BUILT_PRODUCTS_DIR; };
		FE391DF71CA975A5004C8FA7 /* TFSlideView_SwiftUITests.swift */ = {isa = PBXFileReference; lastKnownFileType = sourcecode.swift; path = TFSlideView_SwiftUITests.swift; sourceTree = "<group>"; };
		FE391DF91CA975A5004C8FA7 /* Info.plist */ = {isa = PBXFileReference; lastKnownFileType = text.plist.xml; path = Info.plist; sourceTree = "<group>"; };
/* End PBXFileReference section */

/* Begin PBXFrameworksBuildPhase section */
		FE391DD11CA975A5004C8FA7 /* Frameworks */ = {
			isa = PBXFrameworksBuildPhase;
			buildActionMask = 2147483647;
			files = (
			);
			runOnlyForDeploymentPostprocessing = 0;
		};
		FE391DE51CA975A5004C8FA7 /* Frameworks */ = {
			isa = PBXFrameworksBuildPhase;
			buildActionMask = 2147483647;
			files = (
			);
			runOnlyForDeploymentPostprocessing = 0;
		};
		FE391DF01CA975A5004C8FA7 /* Frameworks */ = {
			isa = PBXFrameworksBuildPhase;
			buildActionMask = 2147483647;
			files = (
			);
			runOnlyForDeploymentPostprocessing = 0;
		};
/* End PBXFrameworksBuildPhase section */

/* Begin PBXGroup section */
		FE391DCB1CA975A5004C8FA7 = {
			isa = PBXGroup;
			children = (
				FE391DD61CA975A5004C8FA7 /* TFSlideView_Swift */,
				FE391DEB1CA975A5004C8FA7 /* TFSlideView_SwiftTests */,
				FE391DF61CA975A5004C8FA7 /* TFSlideView_SwiftUITests */,
				FE391DD51CA975A5004C8FA7 /* Products */,
			);
			sourceTree = "<group>";
		};
		FE391DD51CA975A5004C8FA7 /* Products */ = {
			isa = PBXGroup;
			children = (
				FE391DD41CA975A5004C8FA7 /* TFSlideView_Swift.app */,
				FE391DE81CA975A5004C8FA7 /* TFSlideView_SwiftTests.xctest */,
				FE391DF31CA975A5004C8FA7 /* TFSlideView_SwiftUITests.xctest */,
			);
			name = Products;
			sourceTree = "<group>";
		};
		FE391DD61CA975A5004C8FA7 /* TFSlideView_Swift */ = {
			isa = PBXGroup;
			children = (
				FE391DD71CA975A5004C8FA7 /* AppDelegate.swift */,
				FE391DD91CA975A5004C8FA7 /* ViewController.swift */,
				FE391DDB1CA975A5004C8FA7 /* Main.storyboard */,
				FE391DDE1CA975A5004C8FA7 /* Assets.xcassets */,
				FE391DE01CA975A5004C8FA7 /* LaunchScreen.storyboard */,
				FE391DE31CA975A5004C8FA7 /* Info.plist */,
			);
			path = TFSlideView_Swift;
			sourceTree = "<group>";
		};
		FE391DEB1CA975A5004C8FA7 /* TFSlideView_SwiftTests */ = {
			isa = PBXGroup;
			children = (
				FE391DEC1CA975A5004C8FA7 /* TFSlideView_SwiftTests.swift */,
				FE391DEE1CA975A5004C8FA7 /* Info.plist */,
			);
			path = TFSlideView_SwiftTests;
			sourceTree = "<group>";
		};
		FE391DF61CA975A5004C8FA7 /* TFSlideView_SwiftUITests */ = {
			isa = PBXGroup;
			children = (
				FE391DF71CA975A5004C8FA7 /* TFSlideView_SwiftUITests.swift */,
				FE391DF91CA975A5004C8FA7 /* Info.plist */,
			);
			path = TFSlideView_SwiftUITests;
			sourceTree = "<group>";
		};
/* End PBXGroup section */

/* Begin PBXNativeTarget section */
		FE391DD31CA975A5004C8FA7 /* TFSlideView_Swift */ = {
			isa = PBXNativeTarget;
			buildConfigurationList = FE391DFC1CA975A5004C8FA7 /* Build configuration list for PBXNativeTarget "TFSlideView_Swift" */;
			buildPhases = (
				FE391DD01CA975A5004C8FA7 /* Sources */,
				FE391DD11CA975A5004C8FA7 /* Frameworks */,
				FE391DD21CA975A5004C8FA7 /* Resources */,
			);
			buildRules = (
			);
			dependencies = (
			);
			name = TFSlideView_Swift;
			productName = TFSlideView_Swift;
			productReference = FE391DD41CA975A5004C8FA7 /* TFSlideView_Swift.app */;
			productType = "com.apple.product-type.application";
		};
		FE391DE71CA975A5004C8FA7 /* TFSlideView_SwiftTests */ = {
			isa = PBXNativeTarget;
			buildConfigurationList = FE391DFF1CA975A5004C8FA7 /* Build configuration list for PBXNativeTarget "TFSlideView_SwiftTests" */;
			buildPhases = (
				FE391DE41CA975A5004C8FA7 /* Sources */,
				FE391DE51CA975A5004C8FA7 /* Frameworks */,
				FE391DE61CA975A5004C8FA7 /* Resources */,
			);
			buildRules = (
			);
			dependencies = (
				FE391DEA1CA975A5004C8FA7 /* PBXTargetDependency */,
			);
			name = TFSlideView_SwiftTests;
			productName = TFSlideView_SwiftTests;
			productReference = FE391DE81CA975A5004C8FA7 /* TFSlideView_SwiftTests.xctest */;
			productType = "com.apple.product-type.bundle.unit-test";
		};
		FE391DF21CA975A5004C8FA7 /* TFSlideView_SwiftUITests */ = {
			isa = PBXNativeTarget;
			buildConfigurationList = FE391E021CA975A5004C8FA7 /* Build configuration list for PBXNativeTarget "TFSlideView_SwiftUITests" */;
			buildPhases = (
				FE391DEF1CA975A5004C8FA7 /* Sources */,
				FE391DF01CA975A5004C8FA7 /* Frameworks */,
				FE391DF11CA975A5004C8FA7 /* Resources */,
			);
			buildRules = (
			);
			dependencies = (
				FE391DF51CA975A5004C8FA7 /* PBXTargetDependency */,
			);
			name = TFSlideView_SwiftUITests;
			productName = TFSlideView_SwiftUITests;
			productReference = FE391DF31CA975A5004C8FA7 /* TFSlideView_SwiftUITests.xctest */;
			productType = "com.apple.product-type.bundle.ui-testing";
		};
/* End PBXNativeTarget section */

/* Begin PBXProject section */
		FE391DCC1CA975A5004C8FA7 /* Project object */ = {
			isa = PBXProject;
			attributes = {
				LastSwiftUpdateCheck = 0730;
				LastUpgradeCheck = 0730;
				ORGANIZATIONNAME = tengfei;
				TargetAttributes = {
					FE391DD31CA975A5004C8FA7 = {
						CreatedOnToolsVersion = 7.3;
					};
					FE391DE71CA975A5004C8FA7 = {
						CreatedOnToolsVersion = 7.3;
						TestTargetID = FE391DD31CA975A5004C8FA7;
					};
					FE391DF21CA975A5004C8FA7 = {
						CreatedOnToolsVersion = 7.3;
						TestTargetID = FE391DD31CA975A5004C8FA7;
					};
				};
			};
			buildConfigurationList = FE391DCF1CA975A5004C8FA7 /* Build configuration list for PBXProject "TFSlideView_Swift" */;
			compatibilityVersion = "Xcode 3.2";
			developmentRegion = English;
			hasScannedForEncodings = 0;
			knownRegions = (
				en,
				Base,
			);
			mainGroup = FE391DCB1CA975A5004C8FA7;
			productRefGroup = FE391DD51CA975A5004C8FA7 /* Products */;
			projectDirPath = "";
			projectRoot = "";
			targets = (
				FE391DD31CA975A5004C8FA7 /* TFSlideView_Swift */,
				FE391DE71CA975A5004C8FA7 /* TFSlideView_SwiftTests */,
				FE391DF21CA975A5004C8FA7 /* TFSlideView_SwiftUITests */,
			);
		};
/* End PBXProject section */

/* Begin PBXResourcesBuildPhase section */
		FE391DD21CA975A5004C8FA7 /* Resources */ = {
			isa = PBXResourcesBuildPhase;
			buildActionMask = 2147483647;
			files = (
				FE391DE21CA975A5004C8FA7 /* LaunchScreen.storyboard in Resources */,
				FE391DDF1CA975A5004C8FA7 /* Assets.xcassets in Resources */,
				FE391DDD1CA975A5004C8FA7 /* Main.storyboard in Resources */,
			);
			runOnlyForDeploymentPostprocessing = 0;
		};
		FE391DE61CA975A5004C8FA7 /* Resources */ = {
			isa = PBXResourcesBuildPhase;
			buildActionMask = 2147483647;
			files = (
			);
			runOnlyForDeploymentPostprocessing = 0;
		};
		FE391DF11CA975A5004C8FA7 /* Resources */ = {
			isa = PBXResourcesBuildPhase;
			buildActionMask = 2147483647;
			files = (
			);
			runOnlyForDeploymentPostprocessing = 0;
		};
/* End PBXResourcesBuildPhase section */

/* Begin PBXSourcesBuildPhase section */
		FE391DD01CA975A5004C8FA7 /* Sources */ = {
			isa = PBXSourcesBuildPhase;
			buildActionMask = 2147483647;
			files = (
				FE391DDA1CA975A5004C8FA7 /* ViewController.swift in Sources */,
				FE391DD81CA975A5004C8FA7 /* AppDelegate.swift in Sources */,
			);
			runOnlyForDeploymentPostprocessing = 0;
		};
		FE391DE41CA975A5004C8FA7 /* Sources */ = {
			isa = PBXSourcesBuildPhase;
			buildActionMask = 2147483647;
			files = (
				FE391DED1CA975A5004C8FA7 /* TFSlideView_SwiftTests.swift in Sources */,
			);
			runOnlyForDeploymentPostprocessing = 0;
		};
		FE391DEF1CA975A5004C8FA7 /* Sources */ = {
			isa = PBXSourcesBuildPhase;
			buildActionMask = 2147483647;
			files = (
				FE391DF81CA975A5004C8FA7 /* TFSlideView_SwiftUITests.swift in Sources */,
			);
			runOnlyForDeploymentPostprocessing = 0;
		};
/* End PBXSourcesBuildPhase section */

/* Begin PBXTargetDependency section */
		FE391DEA1CA975A5004C8FA7 /* PBXTargetDependency */ = {
			isa = PBXTargetDependency;
			target = FE391DD31CA975A5004C8FA7 /* TFSlideView_Swift */;
			targetProxy = FE391DE91CA975A5004C8FA7 /* PBXContainerItemProxy */;
		};
		FE391DF51CA975A5004C8FA7 /* PBXTargetDependency */ = {
			isa = PBXTargetDependency;
			target = FE391DD31CA975A5004C8FA7 /* TFSlideView_Swift */;
			targetProxy = FE391DF41CA975A5004C8FA7 /* PBXContainerItemProxy */;
		};
/* End PBXTargetDependency section */

/* Begin PBXVariantGroup section */
		FE391DDB1CA975A5004C8FA7 /* Main.storyboard */ = {
			isa = PBXVariantGroup;
			children = (
				FE391DDC1CA975A5004C8FA7 /* Base */,
			);
			name = Main.storyboard;
			sourceTree = "<group>";
		};
		FE391DE01CA975A5004C8FA7 /* LaunchScreen.storyboard */ = {
			isa = PBXVariantGroup;
			children = (
				FE391DE11CA975A5004C8FA7 /* Base */,
			);
			name = LaunchScreen.storyboard;
			sourceTree = "<group>";
		};
/* End PBXVariantGroup section */

/* Begin XCBuildConfiguration section */
		FE391DFA1CA975A5004C8FA7 /* Debug */ = {
			isa = XCBuildConfiguration;
			buildSettings = {
				ALWAYS_SEARCH_USER_PATHS = NO;
				CLANG_ANALYZER_NONNULL = YES;
				CLANG_CXX_LANGUAGE_STANDARD = "gnu++0x";
				CLANG_CXX_LIBRARY = "libc++";
				CLANG_ENABLE_MODULES = YES;
				CLANG_ENABLE_OBJC_ARC = YES;
				CLANG_WARN_BOOL_CONVERSION = YES;
				CLANG_WARN_CONSTANT_CONVERSION = YES;
				CLANG_WARN_DIRECT_OBJC_ISA_USAGE = YES_ERROR;
				CLANG_WARN_EMPTY_BODY = YES;
				CLANG_WARN_ENUM_CONVERSION = YES;
				CLANG_WARN_INT_CONVERSION = YES;
				CLANG_WARN_OBJC_ROOT_CLASS = YES_ERROR;
				CLANG_WARN_UNREACHABLE_CODE = YES;
				CLANG_WARN__DUPLICATE_METHOD_MATCH = YES;
				"CODE_SIGN_IDENTITY[sdk=iphoneos*]" = "iPhone Developer";
				COPY_PHASE_STRIP = NO;
				DEBUG_INFORMATION_FORMAT = dwarf;
				ENABLE_STRICT_OBJC_MSGSEND = YES;
				ENABLE_TESTABILITY = YES;
				GCC_C_LANGUAGE_STANDARD = gnu99;
				GCC_DYNAMIC_NO_PIC = NO;
				GCC_NO_COMMON_BLOCKS = YES;
				GCC_OPTIMIZATION_LEVEL = 0;
				GCC_PREPROCESSOR_DEFINITIONS = (
					"DEBUG=1",
					"$(inherited)",
				);
				GCC_WARN_64_TO_32_BIT_CONVERSION = YES;
				GCC_WARN_ABOUT_RETURN_TYPE = YES_ERROR;
				GCC_WARN_UNDECLARED_SELECTOR = YES;
				GCC_WARN_UNINITIALIZED_AUTOS = YES_AGGRESSIVE;
				GCC_WARN_UNUSED_FUNCTION = YES;
				GCC_WARN_UNUSED_VARIABLE = YES;
				IPHONEOS_DEPLOYMENT_TARGET = 9.3;
				MTL_ENABLE_DEBUG_INFO = YES;
				ONLY_ACTIVE_ARCH = YES;
				SDKROOT = iphoneos;
				SWIFT_OPTIMIZATION_LEVEL = "-Onone";
			};
			name = Debug;
		};
		FE391DFB1CA975A5004C8FA7 /* Release */ = {
			isa = XCBuildConfiguration;
			buildSettings = {
				ALWAYS_SEARCH_USER_PATHS = NO;
				CLANG_ANALYZER_NONNULL = YES;
				CLANG_CXX_LANGUAGE_STANDARD = "gnu++0x";
				CLANG_CXX_LIBRARY = "libc++";
				CLANG_ENABLE_MODULES = YES;
				CLANG_ENABLE_OBJC_ARC = YES;
				CLANG_WARN_BOOL_CONVERSION = YES;
				CLANG_WARN_CONSTANT_CONVERSION = YES;
				CLANG_WARN_DIRECT_OBJC_ISA_USAGE = YES_ERROR;
				CLANG_WARN_EMPTY_BODY = YES;
				CLANG_WARN_ENUM_CONVERSION = YES;
				CLANG_WARN_INT_CONVERSION = YES;
				CLANG_WARN_OBJC_ROOT_CLASS = YES_ERROR;
				CLANG_WARN_UNREACHABLE_CODE = YES;
				CLANG_WARN__DUPLICATE_METHOD_MATCH = YES;
				"CODE_SIGN_IDENTITY[sdk=iphoneos*]" = "iPhone Developer";
				COPY_PHASE_STRIP = NO;
				DEBUG_INFORMATION_FORMAT = "dwarf-with-dsym";
				ENABLE_NS_ASSERTIONS = NO;
				ENABLE_STRICT_OBJC_MSGSEND = YES;
				GCC_C_LANGUAGE_STANDARD = gnu99;
				GCC_NO_COMMON_BLOCKS = YES;
				GCC_WARN_64_TO_32_BIT_CONVERSION = YES;
				GCC_WARN_ABOUT_RETURN_TYPE = YES_ERROR;
				GCC_WARN_UNDECLARED_SELECTOR = YES;
				GCC_WARN_UNINITIALIZED_AUTOS = YES_AGGRESSIVE;
				GCC_WARN_UNUSED_FUNCTION = YES;
				GCC_WARN_UNUSED_VARIABLE = YES;
				IPHONEOS_DEPLOYMENT_TARGET = 9.3;
				MTL_ENABLE_DEBUG_INFO = NO;
				SDKROOT = iphoneos;
				VALIDATE_PRODUCT = YES;
			};
			name = Release;
		};
		FE391DFD1CA975A5004C8FA7 /* Debug */ = {
			isa = XCBuildConfiguration;
			buildSettings = {
				ASSETCATALOG_COMPILER_APPICON_NAME = AppIcon;
				INFOPLIST_FILE = TFSlideView_Swift/Info.plist;
				LD_RUNPATH_SEARCH_PATHS = "$(inherited) @executable_path/Frameworks";
				PRODUCT_BUNDLE_IDENTIFIER = "com.ftf.TFSlideView-Swift";
				PRODUCT_NAME = "$(TARGET_NAME)";
			};
			name = Debug;
		};
		FE391DFE1CA975A5004C8FA7 /* Release */ = {
			isa = XCBuildConfiguration;
			buildSettings = {
				ASSETCATALOG_COMPILER_APPICON_NAME = AppIcon;
				INFOPLIST_FILE = TFSlideView_Swift/Info.plist;
				LD_RUNPATH_SEARCH_PATHS = "$(inherited) @executable_path/Frameworks";
				PRODUCT_BUNDLE_IDENTIFIER = "com.ftf.TFSlideView-Swift";
				PRODUCT_NAME = "$(TARGET_NAME)";
			};
			name = Release;
		};
		FE391E001CA975A5004C8FA7 /* Debug */ = {
			isa = XCBuildConfiguration;
			buildSettings = {
				BUNDLE_LOADER = "$(TEST_HOST)";
				INFOPLIST_FILE = TFSlideView_SwiftTests/Info.plist;
				LD_RUNPATH_SEARCH_PATHS = "$(inherited) @executable_path/Frameworks @loader_path/Frameworks";
				PRODUCT_BUNDLE_IDENTIFIER = "com.ftf.TFSlideView-SwiftTests";
				PRODUCT_NAME = "$(TARGET_NAME)";
				TEST_HOST = "$(BUILT_PRODUCTS_DIR)/TFSlideView_Swift.app/TFSlideView_Swift";
			};
			name = Debug;
		};
		FE391E011CA975A5004C8FA7 /* Release */ = {
			isa = XCBuildConfiguration;
			buildSettings = {
				BUNDLE_LOADER = "$(TEST_HOST)";
				INFOPLIST_FILE = TFSlideView_SwiftTests/Info.plist;
				LD_RUNPATH_SEARCH_PATHS = "$(inherited) @executable_path/Frameworks @loader_path/Frameworks";
				PRODUCT_BUNDLE_IDENTIFIER = "com.ftf.TFSlideView-SwiftTests";
				PRODUCT_NAME = "$(TARGET_NAME)";
				TEST_HOST = "$(BUILT_PRODUCTS_DIR)/TFSlideView_Swift.app/TFSlideView_Swift";
			};
			name = Release;
		};
		FE391E031CA975A5004C8FA7 /* Debug */ = {
			isa = XCBuildConfiguration;
			buildSettings = {
				INFOPLIST_FILE = TFSlideView_SwiftUITests/Info.plist;
				LD_RUNPATH_SEARCH_PATHS = "$(inherited) @executable_path/Frameworks @loader_path/Frameworks";
				PRODUCT_BUNDLE_IDENTIFIER = "com.ftf.TFSlideView-SwiftUITests";
				PRODUCT_NAME = "$(TARGET_NAME)";
				TEST_TARGET_NAME = TFSlideView_Swift;
			};
			name = Debug;
		};
		FE391E041CA975A5004C8FA7 /* Release */ = {
			isa = XCBuildConfiguration;
			buildSettings = {
				INFOPLIST_FILE = TFSlideView_SwiftUITests/Info.plist;
				LD_RUNPATH_SEARCH_PATHS = "$(inherited) @executable_path/Frameworks @loader_path/Frameworks";
				PRODUCT_BUNDLE_IDENTIFIER = "com.ftf.TFSlideView-SwiftUITests";
				PRODUCT_NAME = "$(TARGET_NAME)";
				TEST_TARGET_NAME = TFSlideView_Swift;
			};
			name = Release;
		};
/* End XCBuildConfiguration section */

/* Begin XCConfigurationList section */
		FE391DCF1CA975A5004C8FA7 /* Build configuration list for PBXProject "TFSlideView_Swift" */ = {
			isa = XCConfigurationList;
			buildConfigurations = (
				FE391DFA1CA975A5004C8FA7 /* Debug */,
				FE391DFB1CA975A5004C8FA7 /* Release */,
			);
			defaultConfigurationIsVisible = 0;
			defaultConfigurationName = Release;
		};
		FE391DFC1CA975A5004C8FA7 /* Build configuration list for PBXNativeTarget "TFSlideView_Swift" */ = {
			isa = XCConfigurationList;
			buildConfigurations = (
				FE391DFD1CA975A5004C8FA7 /* Debug */,
				FE391DFE1CA975A5004C8FA7 /* Release */,
			);
			defaultConfigurationIsVisible = 0;
		};
		FE391DFF1CA975A5004C8FA7 /* Build configuration list for PBXNativeTarget "TFSlideView_SwiftTests" */ = {
			isa = XCConfigurationList;
			buildConfigurations = (
				FE391E001CA975A5004C8FA7 /* Debug */,
				FE391E011CA975A5004C8FA7 /* Release */,
			);
			defaultConfigurationIsVisible = 0;
		};
		FE391E021CA975A5004C8FA7 /* Build configuration list for PBXNativeTarget "TFSlideView_SwiftUITests" */ = {
			isa = XCConfigurationList;
			buildConfigurations = (
				FE391E031CA975A5004C8FA7 /* Debug */,
				FE391E041CA975A5004C8FA7 /* Release */,
			);
			defaultConfigurationIsVisible = 0;
		};
/* End XCConfigurationList section */
	};
	rootObject = FE391DCC1CA975A5004C8FA7 /* Project object */;
}
